// !$*UTF8*$!
{
	archiveVersion = 1;
	classes = {
	};
	objectVersion = 46;
	objects = {

/* Begin PBXBuildFile section */
		A67254A413E5AEE100787421 /* QuartzCore.framework in Frameworks */ = {isa = PBXBuildFile; fileRef = A67254A313E5AEE100787421 /* QuartzCore.framework */; };
		A67254A613E5AEE100787421 /* OpenGLES.framework in Frameworks */ = {isa = PBXBuildFile; fileRef = A67254A513E5AEE100787421 /* OpenGLES.framework */; };
		A67254A813E5AEE100787421 /* OpenAL.framework in Frameworks */ = {isa = PBXBuildFile; fileRef = A67254A713E5AEE100787421 /* OpenAL.framework */; };
		A67254AA13E5AEE100787421 /* AudioToolbox.framework in Frameworks */ = {isa = PBXBuildFile; fileRef = A67254A913E5AEE100787421 /* AudioToolbox.framework */; };
		A67254AC13E5AEE100787421 /* AVFoundation.framework in Frameworks */ = {isa = PBXBuildFile; fileRef = A67254AB13E5AEE100787421 /* AVFoundation.framework */; };
		A67254AE13E5AEE100787421 /* UIKit.framework in Frameworks */ = {isa = PBXBuildFile; fileRef = A67254AD13E5AEE100787421 /* UIKit.framework */; };
		A67254B013E5AEE100787421 /* Foundation.framework in Frameworks */ = {isa = PBXBuildFile; fileRef = A67254AF13E5AEE100787421 /* Foundation.framework */; };
		A67254B213E5AEE100787421 /* CoreGraphics.framework in Frameworks */ = {isa = PBXBuildFile; fileRef = A67254B113E5AEE100787421 /* CoreGraphics.framework */; };
		A67254B613E5AEE100787421 /* Default.png in Resources */ = {isa = PBXBuildFile; fileRef = A67254B513E5AEE100787421 /* Default.png */; };
		A67254B813E5AEE100787421 /* fps_images.png in Resources */ = {isa = PBXBuildFile; fileRef = A67254B713E5AEE100787421 /* fps_images.png */; };
		A67254BA13E5AEE100787421 /* Icon-72.png in Resources */ = {isa = PBXBuildFile; fileRef = A67254B913E5AEE100787421 /* Icon-72.png */; };
		A67254BC13E5AEE100787421 /* Icon-Small-50.png in Resources */ = {isa = PBXBuildFile; fileRef = A67254BB13E5AEE100787421 /* Icon-Small-50.png */; };
		A67254BE13E5AEE100787421 /* Icon-Small.png in Resources */ = {isa = PBXBuildFile; fileRef = A67254BD13E5AEE100787421 /* Icon-Small.png */; };
		A67254C013E5AEE100787421 /* Icon-Small@2x.png in Resources */ = {isa = PBXBuildFile; fileRef = A67254BF13E5AEE100787421 /* Icon-Small@2x.png */; };
		A67254C213E5AEE100787421 /* Icon.png in Resources */ = {isa = PBXBuildFile; fileRef = A67254C113E5AEE100787421 /* Icon.png */; };
		A67254C413E5AEE100787421 /* Icon@2x.png in Resources */ = {isa = PBXBuildFile; fileRef = A67254C313E5AEE100787421 /* Icon@2x.png */; };
		A67254C713E5AEE100787421 /* iTunesArtwork in Resources */ = {isa = PBXBuildFile; fileRef = A67254C613E5AEE100787421 /* iTunesArtwork */; };
		A67254CC13E5AEE100787421 /* CCAction.m in Sources */ = {isa = PBXBuildFile; fileRef = A67254CB13E5AEE100787421 /* CCAction.m */; };
		A67254CF13E5AEE100787421 /* CCActionCamera.m in Sources */ = {isa = PBXBuildFile; fileRef = A67254CE13E5AEE100787421 /* CCActionCamera.m */; };
		A67254D213E5AEE200787421 /* CCActionEase.m in Sources */ = {isa = PBXBuildFile; fileRef = A67254D113E5AEE100787421 /* CCActionEase.m */; };
		A67254D513E5AEE200787421 /* CCActionGrid.m in Sources */ = {isa = PBXBuildFile; fileRef = A67254D413E5AEE200787421 /* CCActionGrid.m */; };
		A67254D813E5AEE200787421 /* CCActionGrid3D.m in Sources */ = {isa = PBXBuildFile; fileRef = A67254D713E5AEE200787421 /* CCActionGrid3D.m */; };
		A67254DB13E5AEE200787421 /* CCActionInstant.m in Sources */ = {isa = PBXBuildFile; fileRef = A67254DA13E5AEE200787421 /* CCActionInstant.m */; };
		A67254DE13E5AEE200787421 /* CCActionInterval.m in Sources */ = {isa = PBXBuildFile; fileRef = A67254DD13E5AEE200787421 /* CCActionInterval.m */; };
		A67254E113E5AEE200787421 /* CCActionManager.m in Sources */ = {isa = PBXBuildFile; fileRef = A67254E013E5AEE200787421 /* CCActionManager.m */; };
		A67254E413E5AEE200787421 /* CCActionPageTurn3D.m in Sources */ = {isa = PBXBuildFile; fileRef = A67254E313E5AEE200787421 /* CCActionPageTurn3D.m */; };
		A67254E713E5AEE200787421 /* CCActionProgressTimer.m in Sources */ = {isa = PBXBuildFile; fileRef = A67254E613E5AEE200787421 /* CCActionProgressTimer.m */; };
		A67254EA13E5AEE200787421 /* CCActionTiledGrid.m in Sources */ = {isa = PBXBuildFile; fileRef = A67254E913E5AEE200787421 /* CCActionTiledGrid.m */; };
		A67254ED13E5AEE200787421 /* CCActionTween.m in Sources */ = {isa = PBXBuildFile; fileRef = A67254EC13E5AEE200787421 /* CCActionTween.m */; };
		A67254F013E5AEE200787421 /* CCAnimation.m in Sources */ = {isa = PBXBuildFile; fileRef = A67254EF13E5AEE200787421 /* CCAnimation.m */; };
		A67254F313E5AEE200787421 /* CCAnimationCache.m in Sources */ = {isa = PBXBuildFile; fileRef = A67254F213E5AEE200787421 /* CCAnimationCache.m */; };
		A67254F613E5AEE200787421 /* CCAtlasNode.m in Sources */ = {isa = PBXBuildFile; fileRef = A67254F513E5AEE200787421 /* CCAtlasNode.m */; };
		A67254F913E5AEE200787421 /* CCBlockSupport.m in Sources */ = {isa = PBXBuildFile; fileRef = A67254F813E5AEE200787421 /* CCBlockSupport.m */; };
		A67254FC13E5AEE200787421 /* CCCamera.m in Sources */ = {isa = PBXBuildFile; fileRef = A67254FB13E5AEE200787421 /* CCCamera.m */; };
		A672550013E5AEE200787421 /* CCConfiguration.m in Sources */ = {isa = PBXBuildFile; fileRef = A67254FF13E5AEE200787421 /* CCConfiguration.m */; };
		A672550313E5AEE200787421 /* CCDirector.m in Sources */ = {isa = PBXBuildFile; fileRef = A672550213E5AEE200787421 /* CCDirector.m */; };
		A672550613E5AEE200787421 /* CCDrawingPrimitives.m in Sources */ = {isa = PBXBuildFile; fileRef = A672550513E5AEE200787421 /* CCDrawingPrimitives.m */; };
		A672550913E5AEE200787421 /* CCGrabber.m in Sources */ = {isa = PBXBuildFile; fileRef = A672550813E5AEE200787421 /* CCGrabber.m */; };
		A672550C13E5AEE200787421 /* CCGrid.m in Sources */ = {isa = PBXBuildFile; fileRef = A672550B13E5AEE200787421 /* CCGrid.m */; };
		A672550F13E5AEE200787421 /* CCLabelAtlas.m in Sources */ = {isa = PBXBuildFile; fileRef = A672550E13E5AEE200787421 /* CCLabelAtlas.m */; };
		A672551213E5AEE200787421 /* CCLabelBMFont.m in Sources */ = {isa = PBXBuildFile; fileRef = A672551113E5AEE200787421 /* CCLabelBMFont.m */; };
		A672551513E5AEE200787421 /* CCLabelTTF.m in Sources */ = {isa = PBXBuildFile; fileRef = A672551413E5AEE200787421 /* CCLabelTTF.m */; };
		A672551813E5AEE200787421 /* CCLayer.m in Sources */ = {isa = PBXBuildFile; fileRef = A672551713E5AEE200787421 /* CCLayer.m */; };
		A672551C13E5AEE200787421 /* CCMenu.m in Sources */ = {isa = PBXBuildFile; fileRef = A672551B13E5AEE200787421 /* CCMenu.m */; };
		A672551F13E5AEE200787421 /* CCMenuItem.m in Sources */ = {isa = PBXBuildFile; fileRef = A672551E13E5AEE200787421 /* CCMenuItem.m */; };
		A672552213E5AEE200787421 /* CCMotionStreak.m in Sources */ = {isa = PBXBuildFile; fileRef = A672552113E5AEE200787421 /* CCMotionStreak.m */; };
		A672552513E5AEE200787421 /* CCNode.m in Sources */ = {isa = PBXBuildFile; fileRef = A672552413E5AEE200787421 /* CCNode.m */; };
		A672552813E5AEE200787421 /* CCParallaxNode.m in Sources */ = {isa = PBXBuildFile; fileRef = A672552713E5AEE200787421 /* CCParallaxNode.m */; };
		A672552B13E5AEE200787421 /* CCParticleExamples.m in Sources */ = {isa = PBXBuildFile; fileRef = A672552A13E5AEE200787421 /* CCParticleExamples.m */; };
		A672552E13E5AEE200787421 /* CCParticleSystem.m in Sources */ = {isa = PBXBuildFile; fileRef = A672552D13E5AEE200787421 /* CCParticleSystem.m */; };
		A672553113E5AEE200787421 /* CCParticleSystemPoint.m in Sources */ = {isa = PBXBuildFile; fileRef = A672553013E5AEE200787421 /* CCParticleSystemPoint.m */; };
		A672553413E5AEE200787421 /* CCParticleSystemQuad.m in Sources */ = {isa = PBXBuildFile; fileRef = A672553313E5AEE200787421 /* CCParticleSystemQuad.m */; };
		A672553713E5AEE200787421 /* CCProgressTimer.m in Sources */ = {isa = PBXBuildFile; fileRef = A672553613E5AEE200787421 /* CCProgressTimer.m */; };
		A672553B13E5AEE200787421 /* CCRenderTexture.m in Sources */ = {isa = PBXBuildFile; fileRef = A672553A13E5AEE200787421 /* CCRenderTexture.m */; };
		A672553E13E5AEE300787421 /* CCRibbon.m in Sources */ = {isa = PBXBuildFile; fileRef = A672553D13E5AEE300787421 /* CCRibbon.m */; };
		A672554113E5AEE300787421 /* CCScene.m in Sources */ = {isa = PBXBuildFile; fileRef = A672554013E5AEE300787421 /* CCScene.m */; };
		A672554413E5AEE300787421 /* CCScheduler.m in Sources */ = {isa = PBXBuildFile; fileRef = A672554313E5AEE300787421 /* CCScheduler.m */; };
		A672554713E5AEE300787421 /* CCSprite.m in Sources */ = {isa = PBXBuildFile; fileRef = A672554613E5AEE300787421 /* CCSprite.m */; };
		A672554A13E5AEE300787421 /* CCSpriteBatchNode.m in Sources */ = {isa = PBXBuildFile; fileRef = A672554913E5AEE300787421 /* CCSpriteBatchNode.m */; };
		A672554D13E5AEE300787421 /* CCSpriteFrame.m in Sources */ = {isa = PBXBuildFile; fileRef = A672554C13E5AEE300787421 /* CCSpriteFrame.m */; };
		A672555013E5AEE300787421 /* CCSpriteFrameCache.m in Sources */ = {isa = PBXBuildFile; fileRef = A672554F13E5AEE300787421 /* CCSpriteFrameCache.m */; };
		A672555313E5AEE300787421 /* CCTexture2D.m in Sources */ = {isa = PBXBuildFile; fileRef = A672555213E5AEE300787421 /* CCTexture2D.m */; };
		A672555613E5AEE300787421 /* CCTextureAtlas.m in Sources */ = {isa = PBXBuildFile; fileRef = A672555513E5AEE300787421 /* CCTextureAtlas.m */; };
		A672555913E5AEE300787421 /* CCTextureCache.m in Sources */ = {isa = PBXBuildFile; fileRef = A672555813E5AEE300787421 /* CCTextureCache.m */; };
		A672555C13E5AEE300787421 /* CCTexturePVR.m in Sources */ = {isa = PBXBuildFile; fileRef = A672555B13E5AEE300787421 /* CCTexturePVR.m */; };
		A672555F13E5AEE300787421 /* CCTileMapAtlas.m in Sources */ = {isa = PBXBuildFile; fileRef = A672555E13E5AEE300787421 /* CCTileMapAtlas.m */; };
		A672556213E5AEE300787421 /* CCTMXLayer.m in Sources */ = {isa = PBXBuildFile; fileRef = A672556113E5AEE300787421 /* CCTMXLayer.m */; };
		A672556513E5AEE300787421 /* CCTMXObjectGroup.m in Sources */ = {isa = PBXBuildFile; fileRef = A672556413E5AEE300787421 /* CCTMXObjectGroup.m */; };
		A672556813E5AEE300787421 /* CCTMXTiledMap.m in Sources */ = {isa = PBXBuildFile; fileRef = A672556713E5AEE300787421 /* CCTMXTiledMap.m */; };
		A672556B13E5AEE300787421 /* CCTMXXMLParser.m in Sources */ = {isa = PBXBuildFile; fileRef = A672556A13E5AEE300787421 /* CCTMXXMLParser.m */; };
		A672556E13E5AEE300787421 /* CCTransition.m in Sources */ = {isa = PBXBuildFile; fileRef = A672556D13E5AEE300787421 /* CCTransition.m */; };
		A672557113E5AEE300787421 /* CCTransitionPageTurn.m in Sources */ = {isa = PBXBuildFile; fileRef = A672557013E5AEE300787421 /* CCTransitionPageTurn.m */; };
		A672557413E5AEE300787421 /* CCTransitionRadial.m in Sources */ = {isa = PBXBuildFile; fileRef = A672557313E5AEE300787421 /* CCTransitionRadial.m */; };
		A672557813E5AEE300787421 /* cocos2d.m in Sources */ = {isa = PBXBuildFile; fileRef = A672557713E5AEE300787421 /* cocos2d.m */; };
		A672557F13E5AEE300787421 /* CCDirectorIOS.m in Sources */ = {isa = PBXBuildFile; fileRef = A672557E13E5AEE300787421 /* CCDirectorIOS.m */; };
		A672558313E5AEE300787421 /* CCTouchDispatcher.m in Sources */ = {isa = PBXBuildFile; fileRef = A672558213E5AEE300787421 /* CCTouchDispatcher.m */; };
		A672558613E5AEE300787421 /* CCTouchHandler.m in Sources */ = {isa = PBXBuildFile; fileRef = A672558513E5AEE300787421 /* CCTouchHandler.m */; };
		A672558913E5AEE300787421 /* EAGLView.m in Sources */ = {isa = PBXBuildFile; fileRef = A672558813E5AEE300787421 /* EAGLView.m */; };
		A672558C13E5AEE300787421 /* ES1Renderer.m in Sources */ = {isa = PBXBuildFile; fileRef = A672558B13E5AEE300787421 /* ES1Renderer.m */; };
		A672558F13E5AEE300787421 /* glu.c in Sources */ = {isa = PBXBuildFile; fileRef = A672558E13E5AEE300787421 /* glu.c */; };
		A672559413E5AEE300787421 /* CCDirectorMac.m in Sources */ = {isa = PBXBuildFile; fileRef = A672559313E5AEE300787421 /* CCDirectorMac.m */; };
		A672559713E5AEE300787421 /* CCEventDispatcher.m in Sources */ = {isa = PBXBuildFile; fileRef = A672559613E5AEE300787421 /* CCEventDispatcher.m */; };
		A672559A13E5AEE300787421 /* MacGLView.m in Sources */ = {isa = PBXBuildFile; fileRef = A672559913E5AEE300787421 /* MacGLView.m */; };
		A672559D13E5AEE300787421 /* MacWindow.m in Sources */ = {isa = PBXBuildFile; fileRef = A672559C13E5AEE300787421 /* MacWindow.m */; };
		A67255A013E5AEE300787421 /* base64.c in Sources */ = {isa = PBXBuildFile; fileRef = A672559F13E5AEE300787421 /* base64.c */; };
		A67255A413E5AEE300787421 /* CCArray.m in Sources */ = {isa = PBXBuildFile; fileRef = A67255A313E5AEE300787421 /* CCArray.m */; };
		A67255A813E5AEE300787421 /* CCFileUtils.m in Sources */ = {isa = PBXBuildFile; fileRef = A67255A713E5AEE300787421 /* CCFileUtils.m */; };
		A67255AB13E5AEE300787421 /* CCProfiling.m in Sources */ = {isa = PBXBuildFile; fileRef = A67255AA13E5AEE300787421 /* CCProfiling.m */; };
		A67255AD13E5AEE300787421 /* ccUtils.c in Sources */ = {isa = PBXBuildFile; fileRef = A67255AC13E5AEE300787421 /* ccUtils.c */; };
		A67255B113E5AEE300787421 /* CGPointExtension.m in Sources */ = {isa = PBXBuildFile; fileRef = A67255B013E5AEE300787421 /* CGPointExtension.m */; };
		A67255B513E5AEE400787421 /* TGAlib.m in Sources */ = {isa = PBXBuildFile; fileRef = A67255B413E5AEE400787421 /* TGAlib.m */; };
		A67255B813E5AEE400787421 /* TransformUtils.m in Sources */ = {isa = PBXBuildFile; fileRef = A67255B713E5AEE400787421 /* TransformUtils.m */; };
		A67255BD13E5AEE400787421 /* ZipUtils.m in Sources */ = {isa = PBXBuildFile; fileRef = A67255BC13E5AEE400787421 /* ZipUtils.m */; };
		A67255C213E5AEE400787421 /* CDAudioManager.m in Sources */ = {isa = PBXBuildFile; fileRef = A67255C113E5AEE400787421 /* CDAudioManager.m */; };
		A67255C613E5AEE400787421 /* CDOpenALSupport.m in Sources */ = {isa = PBXBuildFile; fileRef = A67255C513E5AEE400787421 /* CDOpenALSupport.m */; };
		A67255C913E5AEE400787421 /* CocosDenshion.m in Sources */ = {isa = PBXBuildFile; fileRef = A67255C813E5AEE400787421 /* CocosDenshion.m */; };
		A67255CC13E5AEE400787421 /* SimpleAudioEngine.m in Sources */ = {isa = PBXBuildFile; fileRef = A67255CB13E5AEE400787421 /* SimpleAudioEngine.m */; };
		A67255D113E5AEE400787421 /* CLScoreServerPost.m in Sources */ = {isa = PBXBuildFile; fileRef = A67255D013E5AEE400787421 /* CLScoreServerPost.m */; };
		A67255D413E5AEE400787421 /* CLScoreServerRequest.m in Sources */ = {isa = PBXBuildFile; fileRef = A67255D313E5AEE400787421 /* CLScoreServerRequest.m */; };
		A67255D713E5AEE400787421 /* cocoslive.m in Sources */ = {isa = PBXBuildFile; fileRef = A67255D613E5AEE400787421 /* cocoslive.m */; };
		A67255DC13E5AEE400787421 /* CDataScanner.m in Sources */ = {isa = PBXBuildFile; fileRef = A67255DB13E5AEE400787421 /* CDataScanner.m */; };
		A67255E013E5AEE400787421 /* CDataScanner_Extensions.m in Sources */ = {isa = PBXBuildFile; fileRef = A67255DF13E5AEE400787421 /* CDataScanner_Extensions.m */; };
		A67255E313E5AEE400787421 /* NSDictionary_JSONExtensions.m in Sources */ = {isa = PBXBuildFile; fileRef = A67255E213E5AEE400787421 /* NSDictionary_JSONExtensions.m */; };
		A67255E713E5AEE400787421 /* CJSONDeserializer.m in Sources */ = {isa = PBXBuildFile; fileRef = A67255E613E5AEE400787421 /* CJSONDeserializer.m */; };
		A67255EA13E5AEE400787421 /* CJSONScanner.m in Sources */ = {isa = PBXBuildFile; fileRef = A67255E913E5AEE400787421 /* CJSONScanner.m */; };
		A67255ED13E5AEE400787421 /* CJSONSerializer.m in Sources */ = {isa = PBXBuildFile; fileRef = A67255EC13E5AEE400787421 /* CJSONSerializer.m */; };
		A67255F213E5AEE400787421 /* FontLabel.m in Sources */ = {isa = PBXBuildFile; fileRef = A67255F113E5AEE400787421 /* FontLabel.m */; };
		A67255F513E5AEE400787421 /* FontLabelStringDrawing.m in Sources */ = {isa = PBXBuildFile; fileRef = A67255F413E5AEE400787421 /* FontLabelStringDrawing.m */; };
		A67255F813E5AEE400787421 /* FontManager.m in Sources */ = {isa = PBXBuildFile; fileRef = A67255F713E5AEE400787421 /* FontManager.m */; };
		A67255FB13E5AEE500787421 /* ZAttributedString.m in Sources */ = {isa = PBXBuildFile; fileRef = A67255FA13E5AEE500787421 /* ZAttributedString.m */; };
		A67255FF13E5AEE500787421 /* ZFont.m in Sources */ = {isa = PBXBuildFile; fileRef = A67255FE13E5AEE500787421 /* ZFont.m */; };
		A672560413E5AEE500787421 /* main.m in Sources */ = {isa = PBXBuildFile; fileRef = A672560313E5AEE500787421 /* main.m */; };
		A672560713E5AEE500787421 /* AppDelegate.m in Sources */ = {isa = PBXBuildFile; fileRef = A672560613E5AEE500787421 /* AppDelegate.m */; };
		A672560A13E5AEE500787421 /* RootViewController.m in Sources */ = {isa = PBXBuildFile; fileRef = A672560913E5AEE500787421 /* RootViewController.m */; };
		A672560D13E5AEE500787421 /* HelloWorldLayer.m in Sources */ = {isa = PBXBuildFile; fileRef = A672560C13E5AEE500787421 /* HelloWorldLayer.m */; };
		A672561513E5AF4C00787421 /* background.png in Resources */ = {isa = PBXBuildFile; fileRef = A672561413E5AF4C00787421 /* background.png */; };
		A672561813E5AFB300787421 /* CCPanZoomController.m in Sources */ = {isa = PBXBuildFile; fileRef = A672561713E5AFB300787421 /* CCPanZoomController.m */; };
		A672562813E78D4300787421 /* background-hd.png in Resources */ = {isa = PBXBuildFile; fileRef = A672562713E78D4300787421 /* background-hd.png */; };
/* End PBXBuildFile section */

/* Begin PBXFileReference section */
		A672549F13E5AEE100787421 /* CCPanZoomController.app */ = {isa = PBXFileReference; explicitFileType = wrapper.application; includeInIndex = 0; path = CCPanZoomController.app; sourceTree = BUILT_PRODUCTS_DIR; };
		A67254A313E5AEE100787421 /* QuartzCore.framework */ = {isa = PBXFileReference; lastKnownFileType = wrapper.framework; name = QuartzCore.framework; path = System/Library/Frameworks/QuartzCore.framework; sourceTree = SDKROOT; };
		A67254A513E5AEE100787421 /* OpenGLES.framework */ = {isa = PBXFileReference; lastKnownFileType = wrapper.framework; name = OpenGLES.framework; path = System/Library/Frameworks/OpenGLES.framework; sourceTree = SDKROOT; };
		A67254A713E5AEE100787421 /* OpenAL.framework */ = {isa = PBXFileReference; lastKnownFileType = wrapper.framework; name = OpenAL.framework; path = System/Library/Frameworks/OpenAL.framework; sourceTree = SDKROOT; };
		A67254A913E5AEE100787421 /* AudioToolbox.framework */ = {isa = PBXFileReference; lastKnownFileType = wrapper.framework; name = AudioToolbox.framework; path = System/Library/Frameworks/AudioToolbox.framework; sourceTree = SDKROOT; };
		A67254AB13E5AEE100787421 /* AVFoundation.framework */ = {isa = PBXFileReference; lastKnownFileType = wrapper.framework; name = AVFoundation.framework; path = System/Library/Frameworks/AVFoundation.framework; sourceTree = SDKROOT; };
		A67254AD13E5AEE100787421 /* UIKit.framework */ = {isa = PBXFileReference; lastKnownFileType = wrapper.framework; name = UIKit.framework; path = System/Library/Frameworks/UIKit.framework; sourceTree = SDKROOT; };
		A67254AF13E5AEE100787421 /* Foundation.framework */ = {isa = PBXFileReference; lastKnownFileType = wrapper.framework; name = Foundation.framework; path = System/Library/Frameworks/Foundation.framework; sourceTree = SDKROOT; };
		A67254B113E5AEE100787421 /* CoreGraphics.framework */ = {isa = PBXFileReference; lastKnownFileType = wrapper.framework; name = CoreGraphics.framework; path = System/Library/Frameworks/CoreGraphics.framework; sourceTree = SDKROOT; };
		A67254B513E5AEE100787421 /* Default.png */ = {isa = PBXFileReference; lastKnownFileType = image.png; name = Default.png; path = Resources/Default.png; sourceTree = "<group>"; };
		A67254B713E5AEE100787421 /* fps_images.png */ = {isa = PBXFileReference; lastKnownFileType = image.png; name = fps_images.png; path = Resources/fps_images.png; sourceTree = "<group>"; };
		A67254B913E5AEE100787421 /* Icon-72.png */ = {isa = PBXFileReference; lastKnownFileType = image.png; name = "Icon-72.png"; path = "Resources/Icon-72.png"; sourceTree = "<group>"; };
		A67254BB13E5AEE100787421 /* Icon-Small-50.png */ = {isa = PBXFileReference; lastKnownFileType = image.png; name = "Icon-Small-50.png"; path = "Resources/Icon-Small-50.png"; sourceTree = "<group>"; };
		A67254BD13E5AEE100787421 /* Icon-Small.png */ = {isa = PBXFileReference; lastKnownFileType = image.png; name = "Icon-Small.png"; path = "Resources/Icon-Small.png"; sourceTree = "<group>"; };
		A67254BF13E5AEE100787421 /* Icon-Small@2x.png */ = {isa = PBXFileReference; lastKnownFileType = image.png; name = "Icon-Small@2x.png"; path = "Resources/Icon-Small@2x.png"; sourceTree = "<group>"; };
		A67254C113E5AEE100787421 /* Icon.png */ = {isa = PBXFileReference; lastKnownFileType = image.png; name = Icon.png; path = Resources/Icon.png; sourceTree = "<group>"; };
		A67254C313E5AEE100787421 /* Icon@2x.png */ = {isa = PBXFileReference; lastKnownFileType = image.png; name = "Icon@2x.png"; path = "Resources/Icon@2x.png"; sourceTree = "<group>"; };
		A67254C513E5AEE100787421 /* Info.plist */ = {isa = PBXFileReference; lastKnownFileType = text.plist.xml; name = Info.plist; path = Resources/Info.plist; sourceTree = "<group>"; };
		A67254C613E5AEE100787421 /* iTunesArtwork */ = {isa = PBXFileReference; lastKnownFileType = file; name = iTunesArtwork; path = Resources/iTunesArtwork; sourceTree = "<group>"; };
		A67254CA13E5AEE100787421 /* CCAction.h */ = {isa = PBXFileReference; lastKnownFileType = sourcecode.c.h; name = CCAction.h; path = libs/cocos2d/CCAction.h; sourceTree = "<group>"; };
		A67254CB13E5AEE100787421 /* CCAction.m */ = {isa = PBXFileReference; lastKnownFileType = sourcecode.c.objc; name = CCAction.m; path = libs/cocos2d/CCAction.m; sourceTree = "<group>"; };
		A67254CD13E5AEE100787421 /* CCActionCamera.h */ = {isa = PBXFileReference; lastKnownFileType = sourcecode.c.h; name = CCActionCamera.h; path = libs/cocos2d/CCActionCamera.h; sourceTree = "<group>"; };
		A67254CE13E5AEE100787421 /* CCActionCamera.m */ = {isa = PBXFileReference; lastKnownFileType = sourcecode.c.objc; name = CCActionCamera.m; path = libs/cocos2d/CCActionCamera.m; sourceTree = "<group>"; };
		A67254D013E5AEE100787421 /* CCActionEase.h */ = {isa = PBXFileReference; lastKnownFileType = sourcecode.c.h; name = CCActionEase.h; path = libs/cocos2d/CCActionEase.h; sourceTree = "<group>"; };
		A67254D113E5AEE100787421 /* CCActionEase.m */ = {isa = PBXFileReference; lastKnownFileType = sourcecode.c.objc; name = CCActionEase.m; path = libs/cocos2d/CCActionEase.m; sourceTree = "<group>"; };
		A67254D313E5AEE200787421 /* CCActionGrid.h */ = {isa = PBXFileReference; lastKnownFileType = sourcecode.c.h; name = CCActionGrid.h; path = libs/cocos2d/CCActionGrid.h; sourceTree = "<group>"; };
		A67254D413E5AEE200787421 /* CCActionGrid.m */ = {isa = PBXFileReference; lastKnownFileType = sourcecode.c.objc; name = CCActionGrid.m; path = libs/cocos2d/CCActionGrid.m; sourceTree = "<group>"; };
		A67254D613E5AEE200787421 /* CCActionGrid3D.h */ = {isa = PBXFileReference; lastKnownFileType = sourcecode.c.h; name = CCActionGrid3D.h; path = libs/cocos2d/CCActionGrid3D.h; sourceTree = "<group>"; };
		A67254D713E5AEE200787421 /* CCActionGrid3D.m */ = {isa = PBXFileReference; lastKnownFileType = sourcecode.c.objc; name = CCActionGrid3D.m; path = libs/cocos2d/CCActionGrid3D.m; sourceTree = "<group>"; };
		A67254D913E5AEE200787421 /* CCActionInstant.h */ = {isa = PBXFileReference; lastKnownFileType = sourcecode.c.h; name = CCActionInstant.h; path = libs/cocos2d/CCActionInstant.h; sourceTree = "<group>"; };
		A67254DA13E5AEE200787421 /* CCActionInstant.m */ = {isa = PBXFileReference; lastKnownFileType = sourcecode.c.objc; name = CCActionInstant.m; path = libs/cocos2d/CCActionInstant.m; sourceTree = "<group>"; };
		A67254DC13E5AEE200787421 /* CCActionInterval.h */ = {isa = PBXFileReference; lastKnownFileType = sourcecode.c.h; name = CCActionInterval.h; path = libs/cocos2d/CCActionInterval.h; sourceTree = "<group>"; };
		A67254DD13E5AEE200787421 /* CCActionInterval.m */ = {isa = PBXFileReference; lastKnownFileType = sourcecode.c.objc; name = CCActionInterval.m; path = libs/cocos2d/CCActionInterval.m; sourceTree = "<group>"; };
		A67254DF13E5AEE200787421 /* CCActionManager.h */ = {isa = PBXFileReference; lastKnownFileType = sourcecode.c.h; name = CCActionManager.h; path = libs/cocos2d/CCActionManager.h; sourceTree = "<group>"; };
		A67254E013E5AEE200787421 /* CCActionManager.m */ = {isa = PBXFileReference; lastKnownFileType = sourcecode.c.objc; name = CCActionManager.m; path = libs/cocos2d/CCActionManager.m; sourceTree = "<group>"; };
		A67254E213E5AEE200787421 /* CCActionPageTurn3D.h */ = {isa = PBXFileReference; lastKnownFileType = sourcecode.c.h; name = CCActionPageTurn3D.h; path = libs/cocos2d/CCActionPageTurn3D.h; sourceTree = "<group>"; };
		A67254E313E5AEE200787421 /* CCActionPageTurn3D.m */ = {isa = PBXFileReference; lastKnownFileType = sourcecode.c.objc; name = CCActionPageTurn3D.m; path = libs/cocos2d/CCActionPageTurn3D.m; sourceTree = "<group>"; };
		A67254E513E5AEE200787421 /* CCActionProgressTimer.h */ = {isa = PBXFileReference; lastKnownFileType = sourcecode.c.h; name = CCActionProgressTimer.h; path = libs/cocos2d/CCActionProgressTimer.h; sourceTree = "<group>"; };
		A67254E613E5AEE200787421 /* CCActionProgressTimer.m */ = {isa = PBXFileReference; lastKnownFileType = sourcecode.c.objc; name = CCActionProgressTimer.m; path = libs/cocos2d/CCActionProgressTimer.m; sourceTree = "<group>"; };
		A67254E813E5AEE200787421 /* CCActionTiledGrid.h */ = {isa = PBXFileReference; lastKnownFileType = sourcecode.c.h; name = CCActionTiledGrid.h; path = libs/cocos2d/CCActionTiledGrid.h; sourceTree = "<group>"; };
		A67254E913E5AEE200787421 /* CCActionTiledGrid.m */ = {isa = PBXFileReference; lastKnownFileType = sourcecode.c.objc; name = CCActionTiledGrid.m; path = libs/cocos2d/CCActionTiledGrid.m; sourceTree = "<group>"; };
		A67254EB13E5AEE200787421 /* CCActionTween.h */ = {isa = PBXFileReference; lastKnownFileType = sourcecode.c.h; name = CCActionTween.h; path = libs/cocos2d/CCActionTween.h; sourceTree = "<group>"; };
		A67254EC13E5AEE200787421 /* CCActionTween.m */ = {isa = PBXFileReference; lastKnownFileType = sourcecode.c.objc; name = CCActionTween.m; path = libs/cocos2d/CCActionTween.m; sourceTree = "<group>"; };
		A67254EE13E5AEE200787421 /* CCAnimation.h */ = {isa = PBXFileReference; lastKnownFileType = sourcecode.c.h; name = CCAnimation.h; path = libs/cocos2d/CCAnimation.h; sourceTree = "<group>"; };
		A67254EF13E5AEE200787421 /* CCAnimation.m */ = {isa = PBXFileReference; lastKnownFileType = sourcecode.c.objc; name = CCAnimation.m; path = libs/cocos2d/CCAnimation.m; sourceTree = "<group>"; };
		A67254F113E5AEE200787421 /* CCAnimationCache.h */ = {isa = PBXFileReference; lastKnownFileType = sourcecode.c.h; name = CCAnimationCache.h; path = libs/cocos2d/CCAnimationCache.h; sourceTree = "<group>"; };
		A67254F213E5AEE200787421 /* CCAnimationCache.m */ = {isa = PBXFileReference; lastKnownFileType = sourcecode.c.objc; name = CCAnimationCache.m; path = libs/cocos2d/CCAnimationCache.m; sourceTree = "<group>"; };
		A67254F413E5AEE200787421 /* CCAtlasNode.h */ = {isa = PBXFileReference; lastKnownFileType = sourcecode.c.h; name = CCAtlasNode.h; path = libs/cocos2d/CCAtlasNode.h; sourceTree = "<group>"; };
		A67254F513E5AEE200787421 /* CCAtlasNode.m */ = {isa = PBXFileReference; lastKnownFileType = sourcecode.c.objc; name = CCAtlasNode.m; path = libs/cocos2d/CCAtlasNode.m; sourceTree = "<group>"; };
		A67254F713E5AEE200787421 /* CCBlockSupport.h */ = {isa = PBXFileReference; lastKnownFileType = sourcecode.c.h; name = CCBlockSupport.h; path = libs/cocos2d/CCBlockSupport.h; sourceTree = "<group>"; };
		A67254F813E5AEE200787421 /* CCBlockSupport.m */ = {isa = PBXFileReference; lastKnownFileType = sourcecode.c.objc; name = CCBlockSupport.m; path = libs/cocos2d/CCBlockSupport.m; sourceTree = "<group>"; };
		A67254FA13E5AEE200787421 /* CCCamera.h */ = {isa = PBXFileReference; lastKnownFileType = sourcecode.c.h; name = CCCamera.h; path = libs/cocos2d/CCCamera.h; sourceTree = "<group>"; };
		A67254FB13E5AEE200787421 /* CCCamera.m */ = {isa = PBXFileReference; lastKnownFileType = sourcecode.c.objc; name = CCCamera.m; path = libs/cocos2d/CCCamera.m; sourceTree = "<group>"; };
		A67254FD13E5AEE200787421 /* ccConfig.h */ = {isa = PBXFileReference; lastKnownFileType = sourcecode.c.h; name = ccConfig.h; path = libs/cocos2d/ccConfig.h; sourceTree = "<group>"; };
		A67254FE13E5AEE200787421 /* CCConfiguration.h */ = {isa = PBXFileReference; lastKnownFileType = sourcecode.c.h; name = CCConfiguration.h; path = libs/cocos2d/CCConfiguration.h; sourceTree = "<group>"; };
		A67254FF13E5AEE200787421 /* CCConfiguration.m */ = {isa = PBXFileReference; lastKnownFileType = sourcecode.c.objc; name = CCConfiguration.m; path = libs/cocos2d/CCConfiguration.m; sourceTree = "<group>"; };
		A672550113E5AEE200787421 /* CCDirector.h */ = {isa = PBXFileReference; lastKnownFileType = sourcecode.c.h; name = CCDirector.h; path = libs/cocos2d/CCDirector.h; sourceTree = "<group>"; };
		A672550213E5AEE200787421 /* CCDirector.m */ = {isa = PBXFileReference; lastKnownFileType = sourcecode.c.objc; name = CCDirector.m; path = libs/cocos2d/CCDirector.m; sourceTree = "<group>"; };
		A672550413E5AEE200787421 /* CCDrawingPrimitives.h */ = {isa = PBXFileReference; lastKnownFileType = sourcecode.c.h; name = CCDrawingPrimitives.h; path = libs/cocos2d/CCDrawingPrimitives.h; sourceTree = "<group>"; };
		A672550513E5AEE200787421 /* CCDrawingPrimitives.m */ = {isa = PBXFileReference; lastKnownFileType = sourcecode.c.objc; name = CCDrawingPrimitives.m; path = libs/cocos2d/CCDrawingPrimitives.m; sourceTree = "<group>"; };
		A672550713E5AEE200787421 /* CCGrabber.h */ = {isa = PBXFileReference; lastKnownFileType = sourcecode.c.h; name = CCGrabber.h; path = libs/cocos2d/CCGrabber.h; sourceTree = "<group>"; };
		A672550813E5AEE200787421 /* CCGrabber.m */ = {isa = PBXFileReference; lastKnownFileType = sourcecode.c.objc; name = CCGrabber.m; path = libs/cocos2d/CCGrabber.m; sourceTree = "<group>"; };
		A672550A13E5AEE200787421 /* CCGrid.h */ = {isa = PBXFileReference; lastKnownFileType = sourcecode.c.h; name = CCGrid.h; path = libs/cocos2d/CCGrid.h; sourceTree = "<group>"; };
		A672550B13E5AEE200787421 /* CCGrid.m */ = {isa = PBXFileReference; lastKnownFileType = sourcecode.c.objc; name = CCGrid.m; path = libs/cocos2d/CCGrid.m; sourceTree = "<group>"; };
		A672550D13E5AEE200787421 /* CCLabelAtlas.h */ = {isa = PBXFileReference; lastKnownFileType = sourcecode.c.h; name = CCLabelAtlas.h; path = libs/cocos2d/CCLabelAtlas.h; sourceTree = "<group>"; };
		A672550E13E5AEE200787421 /* CCLabelAtlas.m */ = {isa = PBXFileReference; lastKnownFileType = sourcecode.c.objc; name = CCLabelAtlas.m; path = libs/cocos2d/CCLabelAtlas.m; sourceTree = "<group>"; };
		A672551013E5AEE200787421 /* CCLabelBMFont.h */ = {isa = PBXFileReference; lastKnownFileType = sourcecode.c.h; name = CCLabelBMFont.h; path = libs/cocos2d/CCLabelBMFont.h; sourceTree = "<group>"; };
		A672551113E5AEE200787421 /* CCLabelBMFont.m */ = {isa = PBXFileReference; lastKnownFileType = sourcecode.c.objc; name = CCLabelBMFont.m; path = libs/cocos2d/CCLabelBMFont.m; sourceTree = "<group>"; };
		A672551313E5AEE200787421 /* CCLabelTTF.h */ = {isa = PBXFileReference; lastKnownFileType = sourcecode.c.h; name = CCLabelTTF.h; path = libs/cocos2d/CCLabelTTF.h; sourceTree = "<group>"; };
		A672551413E5AEE200787421 /* CCLabelTTF.m */ = {isa = PBXFileReference; lastKnownFileType = sourcecode.c.objc; name = CCLabelTTF.m; path = libs/cocos2d/CCLabelTTF.m; sourceTree = "<group>"; };
		A672551613E5AEE200787421 /* CCLayer.h */ = {isa = PBXFileReference; lastKnownFileType = sourcecode.c.h; name = CCLayer.h; path = libs/cocos2d/CCLayer.h; sourceTree = "<group>"; };
		A672551713E5AEE200787421 /* CCLayer.m */ = {isa = PBXFileReference; lastKnownFileType = sourcecode.c.objc; name = CCLayer.m; path = libs/cocos2d/CCLayer.m; sourceTree = "<group>"; };
		A672551913E5AEE200787421 /* ccMacros.h */ = {isa = PBXFileReference; lastKnownFileType = sourcecode.c.h; name = ccMacros.h; path = libs/cocos2d/ccMacros.h; sourceTree = "<group>"; };
		A672551A13E5AEE200787421 /* CCMenu.h */ = {isa = PBXFileReference; lastKnownFileType = sourcecode.c.h; name = CCMenu.h; path = libs/cocos2d/CCMenu.h; sourceTree = "<group>"; };
		A672551B13E5AEE200787421 /* CCMenu.m */ = {isa = PBXFileReference; lastKnownFileType = sourcecode.c.objc; name = CCMenu.m; path = libs/cocos2d/CCMenu.m; sourceTree = "<group>"; };
		A672551D13E5AEE200787421 /* CCMenuItem.h */ = {isa = PBXFileReference; lastKnownFileType = sourcecode.c.h; name = CCMenuItem.h; path = libs/cocos2d/CCMenuItem.h; sourceTree = "<group>"; };
		A672551E13E5AEE200787421 /* CCMenuItem.m */ = {isa = PBXFileReference; lastKnownFileType = sourcecode.c.objc; name = CCMenuItem.m; path = libs/cocos2d/CCMenuItem.m; sourceTree = "<group>"; };
		A672552013E5AEE200787421 /* CCMotionStreak.h */ = {isa = PBXFileReference; lastKnownFileType = sourcecode.c.h; name = CCMotionStreak.h; path = libs/cocos2d/CCMotionStreak.h; sourceTree = "<group>"; };
		A672552113E5AEE200787421 /* CCMotionStreak.m */ = {isa = PBXFileReference; lastKnownFileType = sourcecode.c.objc; name = CCMotionStreak.m; path = libs/cocos2d/CCMotionStreak.m; sourceTree = "<group>"; };
		A672552313E5AEE200787421 /* CCNode.h */ = {isa = PBXFileReference; lastKnownFileType = sourcecode.c.h; name = CCNode.h; path = libs/cocos2d/CCNode.h; sourceTree = "<group>"; };
		A672552413E5AEE200787421 /* CCNode.m */ = {isa = PBXFileReference; lastKnownFileType = sourcecode.c.objc; name = CCNode.m; path = libs/cocos2d/CCNode.m; sourceTree = "<group>"; };
		A672552613E5AEE200787421 /* CCParallaxNode.h */ = {isa = PBXFileReference; lastKnownFileType = sourcecode.c.h; name = CCParallaxNode.h; path = libs/cocos2d/CCParallaxNode.h; sourceTree = "<group>"; };
		A672552713E5AEE200787421 /* CCParallaxNode.m */ = {isa = PBXFileReference; lastKnownFileType = sourcecode.c.objc; name = CCParallaxNode.m; path = libs/cocos2d/CCParallaxNode.m; sourceTree = "<group>"; };
		A672552913E5AEE200787421 /* CCParticleExamples.h */ = {isa = PBXFileReference; lastKnownFileType = sourcecode.c.h; name = CCParticleExamples.h; path = libs/cocos2d/CCParticleExamples.h; sourceTree = "<group>"; };
		A672552A13E5AEE200787421 /* CCParticleExamples.m */ = {isa = PBXFileReference; lastKnownFileType = sourcecode.c.objc; name = CCParticleExamples.m; path = libs/cocos2d/CCParticleExamples.m; sourceTree = "<group>"; };
		A672552C13E5AEE200787421 /* CCParticleSystem.h */ = {isa = PBXFileReference; lastKnownFileType = sourcecode.c.h; name = CCParticleSystem.h; path = libs/cocos2d/CCParticleSystem.h; sourceTree = "<group>"; };
		A672552D13E5AEE200787421 /* CCParticleSystem.m */ = {isa = PBXFileReference; lastKnownFileType = sourcecode.c.objc; name = CCParticleSystem.m; path = libs/cocos2d/CCParticleSystem.m; sourceTree = "<group>"; };
		A672552F13E5AEE200787421 /* CCParticleSystemPoint.h */ = {isa = PBXFileReference; lastKnownFileType = sourcecode.c.h; name = CCParticleSystemPoint.h; path = libs/cocos2d/CCParticleSystemPoint.h; sourceTree = "<group>"; };
		A672553013E5AEE200787421 /* CCParticleSystemPoint.m */ = {isa = PBXFileReference; lastKnownFileType = sourcecode.c.objc; name = CCParticleSystemPoint.m; path = libs/cocos2d/CCParticleSystemPoint.m; sourceTree = "<group>"; };
		A672553213E5AEE200787421 /* CCParticleSystemQuad.h */ = {isa = PBXFileReference; lastKnownFileType = sourcecode.c.h; name = CCParticleSystemQuad.h; path = libs/cocos2d/CCParticleSystemQuad.h; sourceTree = "<group>"; };
		A672553313E5AEE200787421 /* CCParticleSystemQuad.m */ = {isa = PBXFileReference; lastKnownFileType = sourcecode.c.objc; name = CCParticleSystemQuad.m; path = libs/cocos2d/CCParticleSystemQuad.m; sourceTree = "<group>"; };
		A672553513E5AEE200787421 /* CCProgressTimer.h */ = {isa = PBXFileReference; lastKnownFileType = sourcecode.c.h; name = CCProgressTimer.h; path = libs/cocos2d/CCProgressTimer.h; sourceTree = "<group>"; };
		A672553613E5AEE200787421 /* CCProgressTimer.m */ = {isa = PBXFileReference; lastKnownFileType = sourcecode.c.objc; name = CCProgressTimer.m; path = libs/cocos2d/CCProgressTimer.m; sourceTree = "<group>"; };
		A672553813E5AEE200787421 /* CCProtocols.h */ = {isa = PBXFileReference; lastKnownFileType = sourcecode.c.h; name = CCProtocols.h; path = libs/cocos2d/CCProtocols.h; sourceTree = "<group>"; };
		A672553913E5AEE200787421 /* CCRenderTexture.h */ = {isa = PBXFileReference; lastKnownFileType = sourcecode.c.h; name = CCRenderTexture.h; path = libs/cocos2d/CCRenderTexture.h; sourceTree = "<group>"; };
		A672553A13E5AEE200787421 /* CCRenderTexture.m */ = {isa = PBXFileReference; lastKnownFileType = sourcecode.c.objc; name = CCRenderTexture.m; path = libs/cocos2d/CCRenderTexture.m; sourceTree = "<group>"; };
		A672553C13E5AEE300787421 /* CCRibbon.h */ = {isa = PBXFileReference; lastKnownFileType = sourcecode.c.h; name = CCRibbon.h; path = libs/cocos2d/CCRibbon.h; sourceTree = "<group>"; };
		A672553D13E5AEE300787421 /* CCRibbon.m */ = {isa = PBXFileReference; lastKnownFileType = sourcecode.c.objc; name = CCRibbon.m; path = libs/cocos2d/CCRibbon.m; sourceTree = "<group>"; };
		A672553F13E5AEE300787421 /* CCScene.h */ = {isa = PBXFileReference; lastKnownFileType = sourcecode.c.h; name = CCScene.h; path = libs/cocos2d/CCScene.h; sourceTree = "<group>"; };
		A672554013E5AEE300787421 /* CCScene.m */ = {isa = PBXFileReference; lastKnownFileType = sourcecode.c.objc; name = CCScene.m; path = libs/cocos2d/CCScene.m; sourceTree = "<group>"; };
		A672554213E5AEE300787421 /* CCScheduler.h */ = {isa = PBXFileReference; lastKnownFileType = sourcecode.c.h; name = CCScheduler.h; path = libs/cocos2d/CCScheduler.h; sourceTree = "<group>"; };
		A672554313E5AEE300787421 /* CCScheduler.m */ = {isa = PBXFileReference; lastKnownFileType = sourcecode.c.objc; name = CCScheduler.m; path = libs/cocos2d/CCScheduler.m; sourceTree = "<group>"; };
		A672554513E5AEE300787421 /* CCSprite.h */ = {isa = PBXFileReference; lastKnownFileType = sourcecode.c.h; name = CCSprite.h; path = libs/cocos2d/CCSprite.h; sourceTree = "<group>"; };
		A672554613E5AEE300787421 /* CCSprite.m */ = {isa = PBXFileReference; lastKnownFileType = sourcecode.c.objc; name = CCSprite.m; path = libs/cocos2d/CCSprite.m; sourceTree = "<group>"; };
		A672554813E5AEE300787421 /* CCSpriteBatchNode.h */ = {isa = PBXFileReference; lastKnownFileType = sourcecode.c.h; name = CCSpriteBatchNode.h; path = libs/cocos2d/CCSpriteBatchNode.h; sourceTree = "<group>"; };
		A672554913E5AEE300787421 /* CCSpriteBatchNode.m */ = {isa = PBXFileReference; lastKnownFileType = sourcecode.c.objc; name = CCSpriteBatchNode.m; path = libs/cocos2d/CCSpriteBatchNode.m; sourceTree = "<group>"; };
		A672554B13E5AEE300787421 /* CCSpriteFrame.h */ = {isa = PBXFileReference; lastKnownFileType = sourcecode.c.h; name = CCSpriteFrame.h; path = libs/cocos2d/CCSpriteFrame.h; sourceTree = "<group>"; };
		A672554C13E5AEE300787421 /* CCSpriteFrame.m */ = {isa = PBXFileReference; lastKnownFileType = sourcecode.c.objc; name = CCSpriteFrame.m; path = libs/cocos2d/CCSpriteFrame.m; sourceTree = "<group>"; };
		A672554E13E5AEE300787421 /* CCSpriteFrameCache.h */ = {isa = PBXFileReference; lastKnownFileType = sourcecode.c.h; name = CCSpriteFrameCache.h; path = libs/cocos2d/CCSpriteFrameCache.h; sourceTree = "<group>"; };
		A672554F13E5AEE300787421 /* CCSpriteFrameCache.m */ = {isa = PBXFileReference; lastKnownFileType = sourcecode.c.objc; name = CCSpriteFrameCache.m; path = libs/cocos2d/CCSpriteFrameCache.m; sourceTree = "<group>"; };
		A672555113E5AEE300787421 /* CCTexture2D.h */ = {isa = PBXFileReference; lastKnownFileType = sourcecode.c.h; name = CCTexture2D.h; path = libs/cocos2d/CCTexture2D.h; sourceTree = "<group>"; };
		A672555213E5AEE300787421 /* CCTexture2D.m */ = {isa = PBXFileReference; lastKnownFileType = sourcecode.c.objc; name = CCTexture2D.m; path = libs/cocos2d/CCTexture2D.m; sourceTree = "<group>"; };
		A672555413E5AEE300787421 /* CCTextureAtlas.h */ = {isa = PBXFileReference; lastKnownFileType = sourcecode.c.h; name = CCTextureAtlas.h; path = libs/cocos2d/CCTextureAtlas.h; sourceTree = "<group>"; };
		A672555513E5AEE300787421 /* CCTextureAtlas.m */ = {isa = PBXFileReference; lastKnownFileType = sourcecode.c.objc; name = CCTextureAtlas.m; path = libs/cocos2d/CCTextureAtlas.m; sourceTree = "<group>"; };
		A672555713E5AEE300787421 /* CCTextureCache.h */ = {isa = PBXFileReference; lastKnownFileType = sourcecode.c.h; name = CCTextureCache.h; path = libs/cocos2d/CCTextureCache.h; sourceTree = "<group>"; };
		A672555813E5AEE300787421 /* CCTextureCache.m */ = {isa = PBXFileReference; lastKnownFileType = sourcecode.c.objc; name = CCTextureCache.m; path = libs/cocos2d/CCTextureCache.m; sourceTree = "<group>"; };
		A672555A13E5AEE300787421 /* CCTexturePVR.h */ = {isa = PBXFileReference; lastKnownFileType = sourcecode.c.h; name = CCTexturePVR.h; path = libs/cocos2d/CCTexturePVR.h; sourceTree = "<group>"; };
		A672555B13E5AEE300787421 /* CCTexturePVR.m */ = {isa = PBXFileReference; lastKnownFileType = sourcecode.c.objc; name = CCTexturePVR.m; path = libs/cocos2d/CCTexturePVR.m; sourceTree = "<group>"; };
		A672555D13E5AEE300787421 /* CCTileMapAtlas.h */ = {isa = PBXFileReference; lastKnownFileType = sourcecode.c.h; name = CCTileMapAtlas.h; path = libs/cocos2d/CCTileMapAtlas.h; sourceTree = "<group>"; };
		A672555E13E5AEE300787421 /* CCTileMapAtlas.m */ = {isa = PBXFileReference; lastKnownFileType = sourcecode.c.objc; name = CCTileMapAtlas.m; path = libs/cocos2d/CCTileMapAtlas.m; sourceTree = "<group>"; };
		A672556013E5AEE300787421 /* CCTMXLayer.h */ = {isa = PBXFileReference; lastKnownFileType = sourcecode.c.h; name = CCTMXLayer.h; path = libs/cocos2d/CCTMXLayer.h; sourceTree = "<group>"; };
		A672556113E5AEE300787421 /* CCTMXLayer.m */ = {isa = PBXFileReference; lastKnownFileType = sourcecode.c.objc; name = CCTMXLayer.m; path = libs/cocos2d/CCTMXLayer.m; sourceTree = "<group>"; };
		A672556313E5AEE300787421 /* CCTMXObjectGroup.h */ = {isa = PBXFileReference; lastKnownFileType = sourcecode.c.h; name = CCTMXObjectGroup.h; path = libs/cocos2d/CCTMXObjectGroup.h; sourceTree = "<group>"; };
		A672556413E5AEE300787421 /* CCTMXObjectGroup.m */ = {isa = PBXFileReference; lastKnownFileType = sourcecode.c.objc; name = CCTMXObjectGroup.m; path = libs/cocos2d/CCTMXObjectGroup.m; sourceTree = "<group>"; };
		A672556613E5AEE300787421 /* CCTMXTiledMap.h */ = {isa = PBXFileReference; lastKnownFileType = sourcecode.c.h; name = CCTMXTiledMap.h; path = libs/cocos2d/CCTMXTiledMap.h; sourceTree = "<group>"; };
		A672556713E5AEE300787421 /* CCTMXTiledMap.m */ = {isa = PBXFileReference; lastKnownFileType = sourcecode.c.objc; name = CCTMXTiledMap.m; path = libs/cocos2d/CCTMXTiledMap.m; sourceTree = "<group>"; };
		A672556913E5AEE300787421 /* CCTMXXMLParser.h */ = {isa = PBXFileReference; lastKnownFileType = sourcecode.c.h; name = CCTMXXMLParser.h; path = libs/cocos2d/CCTMXXMLParser.h; sourceTree = "<group>"; };
		A672556A13E5AEE300787421 /* CCTMXXMLParser.m */ = {isa = PBXFileReference; lastKnownFileType = sourcecode.c.objc; name = CCTMXXMLParser.m; path = libs/cocos2d/CCTMXXMLParser.m; sourceTree = "<group>"; };
		A672556C13E5AEE300787421 /* CCTransition.h */ = {isa = PBXFileReference; lastKnownFileType = sourcecode.c.h; name = CCTransition.h; path = libs/cocos2d/CCTransition.h; sourceTree = "<group>"; };
		A672556D13E5AEE300787421 /* CCTransition.m */ = {isa = PBXFileReference; lastKnownFileType = sourcecode.c.objc; name = CCTransition.m; path = libs/cocos2d/CCTransition.m; sourceTree = "<group>"; };
		A672556F13E5AEE300787421 /* CCTransitionPageTurn.h */ = {isa = PBXFileReference; lastKnownFileType = sourcecode.c.h; name = CCTransitionPageTurn.h; path = libs/cocos2d/CCTransitionPageTurn.h; sourceTree = "<group>"; };
		A672557013E5AEE300787421 /* CCTransitionPageTurn.m */ = {isa = PBXFileReference; lastKnownFileType = sourcecode.c.objc; name = CCTransitionPageTurn.m; path = libs/cocos2d/CCTransitionPageTurn.m; sourceTree = "<group>"; };
		A672557213E5AEE300787421 /* CCTransitionRadial.h */ = {isa = PBXFileReference; lastKnownFileType = sourcecode.c.h; name = CCTransitionRadial.h; path = libs/cocos2d/CCTransitionRadial.h; sourceTree = "<group>"; };
		A672557313E5AEE300787421 /* CCTransitionRadial.m */ = {isa = PBXFileReference; lastKnownFileType = sourcecode.c.objc; name = CCTransitionRadial.m; path = libs/cocos2d/CCTransitionRadial.m; sourceTree = "<group>"; };
		A672557513E5AEE300787421 /* ccTypes.h */ = {isa = PBXFileReference; lastKnownFileType = sourcecode.c.h; name = ccTypes.h; path = libs/cocos2d/ccTypes.h; sourceTree = "<group>"; };
		A672557613E5AEE300787421 /* cocos2d.h */ = {isa = PBXFileReference; lastKnownFileType = sourcecode.c.h; name = cocos2d.h; path = libs/cocos2d/cocos2d.h; sourceTree = "<group>"; };
		A672557713E5AEE300787421 /* cocos2d.m */ = {isa = PBXFileReference; lastKnownFileType = sourcecode.c.objc; name = cocos2d.m; path = libs/cocos2d/cocos2d.m; sourceTree = "<group>"; };
		A672557A13E5AEE300787421 /* CCGL.h */ = {isa = PBXFileReference; lastKnownFileType = sourcecode.c.h; name = CCGL.h; path = libs/cocos2d/Platforms/CCGL.h; sourceTree = "<group>"; };
		A672557B13E5AEE300787421 /* CCNS.h */ = {isa = PBXFileReference; lastKnownFileType = sourcecode.c.h; name = CCNS.h; path = libs/cocos2d/Platforms/CCNS.h; sourceTree = "<group>"; };
		A672557D13E5AEE300787421 /* CCDirectorIOS.h */ = {isa = PBXFileReference; lastKnownFileType = sourcecode.c.h; name = CCDirectorIOS.h; path = libs/cocos2d/Platforms/iOS/CCDirectorIOS.h; sourceTree = "<group>"; };
		A672557E13E5AEE300787421 /* CCDirectorIOS.m */ = {isa = PBXFileReference; lastKnownFileType = sourcecode.c.objc; name = CCDirectorIOS.m; path = libs/cocos2d/Platforms/iOS/CCDirectorIOS.m; sourceTree = "<group>"; };
		A672558013E5AEE300787421 /* CCTouchDelegateProtocol.h */ = {isa = PBXFileReference; lastKnownFileType = sourcecode.c.h; name = CCTouchDelegateProtocol.h; path = libs/cocos2d/Platforms/iOS/CCTouchDelegateProtocol.h; sourceTree = "<group>"; };
		A672558113E5AEE300787421 /* CCTouchDispatcher.h */ = {isa = PBXFileReference; lastKnownFileType = sourcecode.c.h; name = CCTouchDispatcher.h; path = libs/cocos2d/Platforms/iOS/CCTouchDispatcher.h; sourceTree = "<group>"; };
		A672558213E5AEE300787421 /* CCTouchDispatcher.m */ = {isa = PBXFileReference; lastKnownFileType = sourcecode.c.objc; name = CCTouchDispatcher.m; path = libs/cocos2d/Platforms/iOS/CCTouchDispatcher.m; sourceTree = "<group>"; };
		A672558413E5AEE300787421 /* CCTouchHandler.h */ = {isa = PBXFileReference; lastKnownFileType = sourcecode.c.h; name = CCTouchHandler.h; path = libs/cocos2d/Platforms/iOS/CCTouchHandler.h; sourceTree = "<group>"; };
		A672558513E5AEE300787421 /* CCTouchHandler.m */ = {isa = PBXFileReference; lastKnownFileType = sourcecode.c.objc; name = CCTouchHandler.m; path = libs/cocos2d/Platforms/iOS/CCTouchHandler.m; sourceTree = "<group>"; };
		A672558713E5AEE300787421 /* EAGLView.h */ = {isa = PBXFileReference; lastKnownFileType = sourcecode.c.h; name = EAGLView.h; path = libs/cocos2d/Platforms/iOS/EAGLView.h; sourceTree = "<group>"; };
		A672558813E5AEE300787421 /* EAGLView.m */ = {isa = PBXFileReference; lastKnownFileType = sourcecode.c.objc; name = EAGLView.m; path = libs/cocos2d/Platforms/iOS/EAGLView.m; sourceTree = "<group>"; };
		A672558A13E5AEE300787421 /* ES1Renderer.h */ = {isa = PBXFileReference; lastKnownFileType = sourcecode.c.h; name = ES1Renderer.h; path = libs/cocos2d/Platforms/iOS/ES1Renderer.h; sourceTree = "<group>"; };
		A672558B13E5AEE300787421 /* ES1Renderer.m */ = {isa = PBXFileReference; lastKnownFileType = sourcecode.c.objc; name = ES1Renderer.m; path = libs/cocos2d/Platforms/iOS/ES1Renderer.m; sourceTree = "<group>"; };
		A672558D13E5AEE300787421 /* ESRenderer.h */ = {isa = PBXFileReference; lastKnownFileType = sourcecode.c.h; name = ESRenderer.h; path = libs/cocos2d/Platforms/iOS/ESRenderer.h; sourceTree = "<group>"; };
		A672558E13E5AEE300787421 /* glu.c */ = {isa = PBXFileReference; lastKnownFileType = sourcecode.c.c; name = glu.c; path = libs/cocos2d/Platforms/iOS/glu.c; sourceTree = "<group>"; };
		A672559013E5AEE300787421 /* glu.h */ = {isa = PBXFileReference; lastKnownFileType = sourcecode.c.h; name = glu.h; path = libs/cocos2d/Platforms/iOS/glu.h; sourceTree = "<group>"; };
		A672559213E5AEE300787421 /* CCDirectorMac.h */ = {isa = PBXFileReference; lastKnownFileType = sourcecode.c.h; name = CCDirectorMac.h; path = libs/cocos2d/Platforms/Mac/CCDirectorMac.h; sourceTree = "<group>"; };
		A672559313E5AEE300787421 /* CCDirectorMac.m */ = {isa = PBXFileReference; lastKnownFileType = sourcecode.c.objc; name = CCDirectorMac.m; path = libs/cocos2d/Platforms/Mac/CCDirectorMac.m; sourceTree = "<group>"; };
		A672559513E5AEE300787421 /* CCEventDispatcher.h */ = {isa = PBXFileReference; lastKnownFileType = sourcecode.c.h; name = CCEventDispatcher.h; path = libs/cocos2d/Platforms/Mac/CCEventDispatcher.h; sourceTree = "<group>"; };
		A672559613E5AEE300787421 /* CCEventDispatcher.m */ = {isa = PBXFileReference; lastKnownFileType = sourcecode.c.objc; name = CCEventDispatcher.m; path = libs/cocos2d/Platforms/Mac/CCEventDispatcher.m; sourceTree = "<group>"; };
		A672559813E5AEE300787421 /* MacGLView.h */ = {isa = PBXFileReference; lastKnownFileType = sourcecode.c.h; name = MacGLView.h; path = libs/cocos2d/Platforms/Mac/MacGLView.h; sourceTree = "<group>"; };
		A672559913E5AEE300787421 /* MacGLView.m */ = {isa = PBXFileReference; lastKnownFileType = sourcecode.c.objc; name = MacGLView.m; path = libs/cocos2d/Platforms/Mac/MacGLView.m; sourceTree = "<group>"; };
		A672559B13E5AEE300787421 /* MacWindow.h */ = {isa = PBXFileReference; lastKnownFileType = sourcecode.c.h; name = MacWindow.h; path = libs/cocos2d/Platforms/Mac/MacWindow.h; sourceTree = "<group>"; };
		A672559C13E5AEE300787421 /* MacWindow.m */ = {isa = PBXFileReference; lastKnownFileType = sourcecode.c.objc; name = MacWindow.m; path = libs/cocos2d/Platforms/Mac/MacWindow.m; sourceTree = "<group>"; };
		A672559F13E5AEE300787421 /* base64.c */ = {isa = PBXFileReference; lastKnownFileType = sourcecode.c.c; name = base64.c; path = libs/cocos2d/Support/base64.c; sourceTree = "<group>"; };
		A67255A113E5AEE300787421 /* base64.h */ = {isa = PBXFileReference; lastKnownFileType = sourcecode.c.h; name = base64.h; path = libs/cocos2d/Support/base64.h; sourceTree = "<group>"; };
		A67255A213E5AEE300787421 /* CCArray.h */ = {isa = PBXFileReference; lastKnownFileType = sourcecode.c.h; name = CCArray.h; path = libs/cocos2d/Support/CCArray.h; sourceTree = "<group>"; };
		A67255A313E5AEE300787421 /* CCArray.m */ = {isa = PBXFileReference; lastKnownFileType = sourcecode.c.objc; name = CCArray.m; path = libs/cocos2d/Support/CCArray.m; sourceTree = "<group>"; };
		A67255A513E5AEE300787421 /* ccCArray.h */ = {isa = PBXFileReference; lastKnownFileType = sourcecode.c.h; name = ccCArray.h; path = libs/cocos2d/Support/ccCArray.h; sourceTree = "<group>"; };
		A67255A613E5AEE300787421 /* CCFileUtils.h */ = {isa = PBXFileReference; lastKnownFileType = sourcecode.c.h; name = CCFileUtils.h; path = libs/cocos2d/Support/CCFileUtils.h; sourceTree = "<group>"; };
		A67255A713E5AEE300787421 /* CCFileUtils.m */ = {isa = PBXFileReference; lastKnownFileType = sourcecode.c.objc; name = CCFileUtils.m; path = libs/cocos2d/Support/CCFileUtils.m; sourceTree = "<group>"; };
		A67255A913E5AEE300787421 /* CCProfiling.h */ = {isa = PBXFileReference; lastKnownFileType = sourcecode.c.h; name = CCProfiling.h; path = libs/cocos2d/Support/CCProfiling.h; sourceTree = "<group>"; };
		A67255AA13E5AEE300787421 /* CCProfiling.m */ = {isa = PBXFileReference; lastKnownFileType = sourcecode.c.objc; name = CCProfiling.m; path = libs/cocos2d/Support/CCProfiling.m; sourceTree = "<group>"; };
		A67255AC13E5AEE300787421 /* ccUtils.c */ = {isa = PBXFileReference; lastKnownFileType = sourcecode.c.c; name = ccUtils.c; path = libs/cocos2d/Support/ccUtils.c; sourceTree = "<group>"; };
		A67255AE13E5AEE300787421 /* ccUtils.h */ = {isa = PBXFileReference; lastKnownFileType = sourcecode.c.h; name = ccUtils.h; path = libs/cocos2d/Support/ccUtils.h; sourceTree = "<group>"; };
		A67255AF13E5AEE300787421 /* CGPointExtension.h */ = {isa = PBXFileReference; lastKnownFileType = sourcecode.c.h; name = CGPointExtension.h; path = libs/cocos2d/Support/CGPointExtension.h; sourceTree = "<group>"; };
		A67255B013E5AEE300787421 /* CGPointExtension.m */ = {isa = PBXFileReference; lastKnownFileType = sourcecode.c.objc; name = CGPointExtension.m; path = libs/cocos2d/Support/CGPointExtension.m; sourceTree = "<group>"; };
		A67255B213E5AEE400787421 /* OpenGL_Internal.h */ = {isa = PBXFileReference; lastKnownFileType = sourcecode.c.h; name = OpenGL_Internal.h; path = libs/cocos2d/Support/OpenGL_Internal.h; sourceTree = "<group>"; };
		A67255B313E5AEE400787421 /* TGAlib.h */ = {isa = PBXFileReference; lastKnownFileType = sourcecode.c.h; name = TGAlib.h; path = libs/cocos2d/Support/TGAlib.h; sourceTree = "<group>"; };
		A67255B413E5AEE400787421 /* TGAlib.m */ = {isa = PBXFileReference; lastKnownFileType = sourcecode.c.objc; name = TGAlib.m; path = libs/cocos2d/Support/TGAlib.m; sourceTree = "<group>"; };
		A67255B613E5AEE400787421 /* TransformUtils.h */ = {isa = PBXFileReference; lastKnownFileType = sourcecode.c.h; name = TransformUtils.h; path = libs/cocos2d/Support/TransformUtils.h; sourceTree = "<group>"; };
		A67255B713E5AEE400787421 /* TransformUtils.m */ = {isa = PBXFileReference; lastKnownFileType = sourcecode.c.objc; name = TransformUtils.m; path = libs/cocos2d/Support/TransformUtils.m; sourceTree = "<group>"; };
		A67255B913E5AEE400787421 /* uthash.h */ = {isa = PBXFileReference; lastKnownFileType = sourcecode.c.h; name = uthash.h; path = libs/cocos2d/Support/uthash.h; sourceTree = "<group>"; };
		A67255BA13E5AEE400787421 /* utlist.h */ = {isa = PBXFileReference; lastKnownFileType = sourcecode.c.h; name = utlist.h; path = libs/cocos2d/Support/utlist.h; sourceTree = "<group>"; };
		A67255BB13E5AEE400787421 /* ZipUtils.h */ = {isa = PBXFileReference; lastKnownFileType = sourcecode.c.h; name = ZipUtils.h; path = libs/cocos2d/Support/ZipUtils.h; sourceTree = "<group>"; };
		A67255BC13E5AEE400787421 /* ZipUtils.m */ = {isa = PBXFileReference; lastKnownFileType = sourcecode.c.objc; name = ZipUtils.m; path = libs/cocos2d/Support/ZipUtils.m; sourceTree = "<group>"; };
		A67255BE13E5AEE400787421 /* LICENSE_cocos2d.txt */ = {isa = PBXFileReference; lastKnownFileType = text; name = LICENSE_cocos2d.txt; path = libs/LICENSE_cocos2d.txt; sourceTree = "<group>"; };
		A67255C013E5AEE400787421 /* CDAudioManager.h */ = {isa = PBXFileReference; lastKnownFileType = sourcecode.c.h; name = CDAudioManager.h; path = libs/CocosDenshion/CDAudioManager.h; sourceTree = "<group>"; };
		A67255C113E5AEE400787421 /* CDAudioManager.m */ = {isa = PBXFileReference; lastKnownFileType = sourcecode.c.objc; name = CDAudioManager.m; path = libs/CocosDenshion/CDAudioManager.m; sourceTree = "<group>"; };
		A67255C313E5AEE400787421 /* CDConfig.h */ = {isa = PBXFileReference; lastKnownFileType = sourcecode.c.h; name = CDConfig.h; path = libs/CocosDenshion/CDConfig.h; sourceTree = "<group>"; };
		A67255C413E5AEE400787421 /* CDOpenALSupport.h */ = {isa = PBXFileReference; lastKnownFileType = sourcecode.c.h; name = CDOpenALSupport.h; path = libs/CocosDenshion/CDOpenALSupport.h; sourceTree = "<group>"; };
		A67255C513E5AEE400787421 /* CDOpenALSupport.m */ = {isa = PBXFileReference; lastKnownFileType = sourcecode.c.objc; name = CDOpenALSupport.m; path = libs/CocosDenshion/CDOpenALSupport.m; sourceTree = "<group>"; };
		A67255C713E5AEE400787421 /* CocosDenshion.h */ = {isa = PBXFileReference; lastKnownFileType = sourcecode.c.h; name = CocosDenshion.h; path = libs/CocosDenshion/CocosDenshion.h; sourceTree = "<group>"; };
		A67255C813E5AEE400787421 /* CocosDenshion.m */ = {isa = PBXFileReference; lastKnownFileType = sourcecode.c.objc; name = CocosDenshion.m; path = libs/CocosDenshion/CocosDenshion.m; sourceTree = "<group>"; };
		A67255CA13E5AEE400787421 /* SimpleAudioEngine.h */ = {isa = PBXFileReference; lastKnownFileType = sourcecode.c.h; name = SimpleAudioEngine.h; path = libs/CocosDenshion/SimpleAudioEngine.h; sourceTree = "<group>"; };
		A67255CB13E5AEE400787421 /* SimpleAudioEngine.m */ = {isa = PBXFileReference; lastKnownFileType = sourcecode.c.objc; name = SimpleAudioEngine.m; path = libs/CocosDenshion/SimpleAudioEngine.m; sourceTree = "<group>"; };
		A67255CD13E5AEE400787421 /* LICENSE_CocosDenshion.txt */ = {isa = PBXFileReference; lastKnownFileType = text; name = LICENSE_CocosDenshion.txt; path = libs/LICENSE_CocosDenshion.txt; sourceTree = "<group>"; };
		A67255CF13E5AEE400787421 /* CLScoreServerPost.h */ = {isa = PBXFileReference; lastKnownFileType = sourcecode.c.h; name = CLScoreServerPost.h; path = libs/cocoslive/CLScoreServerPost.h; sourceTree = "<group>"; };
		A67255D013E5AEE400787421 /* CLScoreServerPost.m */ = {isa = PBXFileReference; lastKnownFileType = sourcecode.c.objc; name = CLScoreServerPost.m; path = libs/cocoslive/CLScoreServerPost.m; sourceTree = "<group>"; };
		A67255D213E5AEE400787421 /* CLScoreServerRequest.h */ = {isa = PBXFileReference; lastKnownFileType = sourcecode.c.h; name = CLScoreServerRequest.h; path = libs/cocoslive/CLScoreServerRequest.h; sourceTree = "<group>"; };
		A67255D313E5AEE400787421 /* CLScoreServerRequest.m */ = {isa = PBXFileReference; lastKnownFileType = sourcecode.c.objc; name = CLScoreServerRequest.m; path = libs/cocoslive/CLScoreServerRequest.m; sourceTree = "<group>"; };
		A67255D513E5AEE400787421 /* cocoslive.h */ = {isa = PBXFileReference; lastKnownFileType = sourcecode.c.h; name = cocoslive.h; path = libs/cocoslive/cocoslive.h; sourceTree = "<group>"; };
		A67255D613E5AEE400787421 /* cocoslive.m */ = {isa = PBXFileReference; lastKnownFileType = sourcecode.c.objc; name = cocoslive.m; path = libs/cocoslive/cocoslive.m; sourceTree = "<group>"; };
		A67255D813E5AEE400787421 /* LICENSE_TouchJSON.txt */ = {isa = PBXFileReference; lastKnownFileType = text; name = LICENSE_TouchJSON.txt; path = libs/LICENSE_TouchJSON.txt; sourceTree = "<group>"; };
		A67255DA13E5AEE400787421 /* CDataScanner.h */ = {isa = PBXFileReference; lastKnownFileType = sourcecode.c.h; name = CDataScanner.h; path = libs/TouchJSON/CDataScanner.h; sourceTree = "<group>"; };
		A67255DB13E5AEE400787421 /* CDataScanner.m */ = {isa = PBXFileReference; lastKnownFileType = sourcecode.c.objc; name = CDataScanner.m; path = libs/TouchJSON/CDataScanner.m; sourceTree = "<group>"; };
		A67255DE13E5AEE400787421 /* CDataScanner_Extensions.h */ = {isa = PBXFileReference; lastKnownFileType = sourcecode.c.h; name = CDataScanner_Extensions.h; path = libs/TouchJSON/Extensions/CDataScanner_Extensions.h; sourceTree = "<group>"; };
		A67255DF13E5AEE400787421 /* CDataScanner_Extensions.m */ = {isa = PBXFileReference; lastKnownFileType = sourcecode.c.objc; name = CDataScanner_Extensions.m; path = libs/TouchJSON/Extensions/CDataScanner_Extensions.m; sourceTree = "<group>"; };
		A67255E113E5AEE400787421 /* NSDictionary_JSONExtensions.h */ = {isa = PBXFileReference; lastKnownFileType = sourcecode.c.h; name = NSDictionary_JSONExtensions.h; path = libs/TouchJSON/Extensions/NSDictionary_JSONExtensions.h; sourceTree = "<group>"; };
		A67255E213E5AEE400787421 /* NSDictionary_JSONExtensions.m */ = {isa = PBXFileReference; lastKnownFileType = sourcecode.c.objc; name = NSDictionary_JSONExtensions.m; path = libs/TouchJSON/Extensions/NSDictionary_JSONExtensions.m; sourceTree = "<group>"; };
		A67255E513E5AEE400787421 /* CJSONDeserializer.h */ = {isa = PBXFileReference; lastKnownFileType = sourcecode.c.h; name = CJSONDeserializer.h; path = libs/TouchJSON/JSON/CJSONDeserializer.h; sourceTree = "<group>"; };
		A67255E613E5AEE400787421 /* CJSONDeserializer.m */ = {isa = PBXFileReference; lastKnownFileType = sourcecode.c.objc; name = CJSONDeserializer.m; path = libs/TouchJSON/JSON/CJSONDeserializer.m; sourceTree = "<group>"; };
		A67255E813E5AEE400787421 /* CJSONScanner.h */ = {isa = PBXFileReference; lastKnownFileType = sourcecode.c.h; name = CJSONScanner.h; path = libs/TouchJSON/JSON/CJSONScanner.h; sourceTree = "<group>"; };
		A67255E913E5AEE400787421 /* CJSONScanner.m */ = {isa = PBXFileReference; lastKnownFileType = sourcecode.c.objc; name = CJSONScanner.m; path = libs/TouchJSON/JSON/CJSONScanner.m; sourceTree = "<group>"; };
		A67255EB13E5AEE400787421 /* CJSONSerializer.h */ = {isa = PBXFileReference; lastKnownFileType = sourcecode.c.h; name = CJSONSerializer.h; path = libs/TouchJSON/JSON/CJSONSerializer.h; sourceTree = "<group>"; };
		A67255EC13E5AEE400787421 /* CJSONSerializer.m */ = {isa = PBXFileReference; lastKnownFileType = sourcecode.c.objc; name = CJSONSerializer.m; path = libs/TouchJSON/JSON/CJSONSerializer.m; sourceTree = "<group>"; };
		A67255EE13E5AEE400787421 /* JSONRepresentation.h */ = {isa = PBXFileReference; lastKnownFileType = sourcecode.c.h; name = JSONRepresentation.h; path = libs/TouchJSON/JSON/JSONRepresentation.h; sourceTree = "<group>"; };
		A67255F013E5AEE400787421 /* FontLabel.h */ = {isa = PBXFileReference; lastKnownFileType = sourcecode.c.h; name = FontLabel.h; path = libs/FontLabel/FontLabel.h; sourceTree = "<group>"; };
		A67255F113E5AEE400787421 /* FontLabel.m */ = {isa = PBXFileReference; lastKnownFileType = sourcecode.c.objc; name = FontLabel.m; path = libs/FontLabel/FontLabel.m; sourceTree = "<group>"; };
		A67255F313E5AEE400787421 /* FontLabelStringDrawing.h */ = {isa = PBXFileReference; lastKnownFileType = sourcecode.c.h; name = FontLabelStringDrawing.h; path = libs/FontLabel/FontLabelStringDrawing.h; sourceTree = "<group>"; };
		A67255F413E5AEE400787421 /* FontLabelStringDrawing.m */ = {isa = PBXFileReference; lastKnownFileType = sourcecode.c.objc; name = FontLabelStringDrawing.m; path = libs/FontLabel/FontLabelStringDrawing.m; sourceTree = "<group>"; };
		A67255F613E5AEE400787421 /* FontManager.h */ = {isa = PBXFileReference; lastKnownFileType = sourcecode.c.h; name = FontManager.h; path = libs/FontLabel/FontManager.h; sourceTree = "<group>"; };
		A67255F713E5AEE400787421 /* FontManager.m */ = {isa = PBXFileReference; lastKnownFileType = sourcecode.c.objc; name = FontManager.m; path = libs/FontLabel/FontManager.m; sourceTree = "<group>"; };
		A67255F913E5AEE400787421 /* ZAttributedString.h */ = {isa = PBXFileReference; lastKnownFileType = sourcecode.c.h; name = ZAttributedString.h; path = libs/FontLabel/ZAttributedString.h; sourceTree = "<group>"; };
		A67255FA13E5AEE500787421 /* ZAttributedString.m */ = {isa = PBXFileReference; lastKnownFileType = sourcecode.c.objc; name = ZAttributedString.m; path = libs/FontLabel/ZAttributedString.m; sourceTree = "<group>"; };
		A67255FC13E5AEE500787421 /* ZAttributedStringPrivate.h */ = {isa = PBXFileReference; lastKnownFileType = sourcecode.c.h; name = ZAttributedStringPrivate.h; path = libs/FontLabel/ZAttributedStringPrivate.h; sourceTree = "<group>"; };
		A67255FD13E5AEE500787421 /* ZFont.h */ = {isa = PBXFileReference; lastKnownFileType = sourcecode.c.h; name = ZFont.h; path = libs/FontLabel/ZFont.h; sourceTree = "<group>"; };
		A67255FE13E5AEE500787421 /* ZFont.m */ = {isa = PBXFileReference; lastKnownFileType = sourcecode.c.objc; name = ZFont.m; path = libs/FontLabel/ZFont.m; sourceTree = "<group>"; };
		A672560013E5AEE500787421 /* LICENSE_FontLabel.txt */ = {isa = PBXFileReference; lastKnownFileType = text; name = LICENSE_FontLabel.txt; path = libs/LICENSE_FontLabel.txt; sourceTree = "<group>"; };
		A672560213E5AEE500787421 /* Prefix.pch */ = {isa = PBXFileReference; lastKnownFileType = sourcecode.c.h; path = Prefix.pch; sourceTree = "<group>"; };
		A672560313E5AEE500787421 /* main.m */ = {isa = PBXFileReference; lastKnownFileType = sourcecode.c.objc; path = main.m; sourceTree = "<group>"; };
		A672560513E5AEE500787421 /* AppDelegate.h */ = {isa = PBXFileReference; lastKnownFileType = sourcecode.c.h; path = AppDelegate.h; sourceTree = "<group>"; };
		A672560613E5AEE500787421 /* AppDelegate.m */ = {isa = PBXFileReference; lastKnownFileType = sourcecode.c.objc; path = AppDelegate.m; sourceTree = "<group>"; };
		A672560813E5AEE500787421 /* RootViewController.h */ = {isa = PBXFileReference; lastKnownFileType = sourcecode.c.h; path = RootViewController.h; sourceTree = "<group>"; };
		A672560913E5AEE500787421 /* RootViewController.m */ = {isa = PBXFileReference; lastKnownFileType = sourcecode.c.objc; path = RootViewController.m; sourceTree = "<group>"; };
		A672560B13E5AEE500787421 /* HelloWorldLayer.h */ = {isa = PBXFileReference; lastKnownFileType = sourcecode.c.h; path = HelloWorldLayer.h; sourceTree = "<group>"; };
		A672560C13E5AEE500787421 /* HelloWorldLayer.m */ = {isa = PBXFileReference; lastKnownFileType = sourcecode.c.objc; path = HelloWorldLayer.m; sourceTree = "<group>"; };
		A672560E13E5AEE500787421 /* GameConfig.h */ = {isa = PBXFileReference; lastKnownFileType = sourcecode.c.h; path = GameConfig.h; sourceTree = "<group>"; };
		A672561413E5AF4C00787421 /* background.png */ = {isa = PBXFileReference; lastKnownFileType = image.png; name = background.png; path = Resources/background.png; sourceTree = "<group>"; };
		A672561613E5AFB300787421 /* CCPanZoomController.h */ = {isa = PBXFileReference; fileEncoding = 4; lastKnownFileType = sourcecode.c.h; path = CCPanZoomController.h; sourceTree = "<group>"; };
		A672561713E5AFB300787421 /* CCPanZoomController.m */ = {isa = PBXFileReference; fileEncoding = 4; lastKnownFileType = sourcecode.c.objc; path = CCPanZoomController.m; sourceTree = "<group>"; };
		A672562713E78D4300787421 /* background-hd.png */ = {isa = PBXFileReference; lastKnownFileType = image.png; name = "background-hd.png"; path = "Resources/background-hd.png"; sourceTree = "<group>"; };
/* End PBXFileReference section */

/* Begin PBXFrameworksBuildPhase section */
		A672549C13E5AEE100787421 /* Frameworks */ = {
			isa = PBXFrameworksBuildPhase;
			buildActionMask = 2147483647;
			files = (
				A67254A413E5AEE100787421 /* QuartzCore.framework in Frameworks */,
				A67254A613E5AEE100787421 /* OpenGLES.framework in Frameworks */,
				A67254A813E5AEE100787421 /* OpenAL.framework in Frameworks */,
				A67254AA13E5AEE100787421 /* AudioToolbox.framework in Frameworks */,
				A67254AC13E5AEE100787421 /* AVFoundation.framework in Frameworks */,
				A67254AE13E5AEE100787421 /* UIKit.framework in Frameworks */,
				A67254B013E5AEE100787421 /* Foundation.framework in Frameworks */,
				A67254B213E5AEE100787421 /* CoreGraphics.framework in Frameworks */,
			);
			runOnlyForDeploymentPostprocessing = 0;
		};
/* End PBXFrameworksBuildPhase section */

/* Begin PBXGroup section */
		A672549413E5AEDF00787421 = {
			isa = PBXGroup;
			children = (
				A67254B313E5AEE100787421 /* CCPanZoomController */,
				A67254A213E5AEE100787421 /* Frameworks */,
				A67254A013E5AEE100787421 /* Products */,
			);
			sourceTree = "<group>";
		};
		A67254A013E5AEE100787421 /* Products */ = {
			isa = PBXGroup;
			children = (
				A672549F13E5AEE100787421 /* CCPanZoomController.app */,
			);
			name = Products;
			sourceTree = "<group>";
		};
		A67254A213E5AEE100787421 /* Frameworks */ = {
			isa = PBXGroup;
			children = (
				A67254A313E5AEE100787421 /* QuartzCore.framework */,
				A67254A513E5AEE100787421 /* OpenGLES.framework */,
				A67254A713E5AEE100787421 /* OpenAL.framework */,
				A67254A913E5AEE100787421 /* AudioToolbox.framework */,
				A67254AB13E5AEE100787421 /* AVFoundation.framework */,
				A67254AD13E5AEE100787421 /* UIKit.framework */,
				A67254AF13E5AEE100787421 /* Foundation.framework */,
				A67254B113E5AEE100787421 /* CoreGraphics.framework */,
			);
			name = Frameworks;
			sourceTree = "<group>";
		};
		A67254B313E5AEE100787421 /* CCPanZoomController */ = {
			isa = PBXGroup;
			children = (
				A672560513E5AEE500787421 /* AppDelegate.h */,
				A672560613E5AEE500787421 /* AppDelegate.m */,
				A672561613E5AFB300787421 /* CCPanZoomController.h */,
				A672561713E5AFB300787421 /* CCPanZoomController.m */,
				A672560813E5AEE500787421 /* RootViewController.h */,
				A672560913E5AEE500787421 /* RootViewController.m */,
				A672560B13E5AEE500787421 /* HelloWorldLayer.h */,
				A672560C13E5AEE500787421 /* HelloWorldLayer.m */,
				A672560E13E5AEE500787421 /* GameConfig.h */,
				A67254B413E5AEE100787421 /* Resources */,
				A67254C813E5AEE100787421 /* libs */,
				A672560113E5AEE500787421 /* Supporting Files */,
			);
			path = CCPanZoomController;
			sourceTree = "<group>";
		};
		A67254B413E5AEE100787421 /* Resources */ = {
			isa = PBXGroup;
			children = (
				A672561413E5AF4C00787421 /* background.png */,
				A672562713E78D4300787421 /* background-hd.png */,
				A67254B513E5AEE100787421 /* Default.png */,
				A67254B713E5AEE100787421 /* fps_images.png */,
				A67254B913E5AEE100787421 /* Icon-72.png */,
				A67254BB13E5AEE100787421 /* Icon-Small-50.png */,
				A67254BD13E5AEE100787421 /* Icon-Small.png */,
				A67254BF13E5AEE100787421 /* Icon-Small@2x.png */,
				A67254C113E5AEE100787421 /* Icon.png */,
				A67254C313E5AEE100787421 /* Icon@2x.png */,
				A67254C513E5AEE100787421 /* Info.plist */,
				A67254C613E5AEE100787421 /* iTunesArtwork */,
			);
			name = Resources;
			sourceTree = "<group>";
		};
		A67254C813E5AEE100787421 /* libs */ = {
			isa = PBXGroup;
			children = (
				A67255BE13E5AEE400787421 /* LICENSE_cocos2d.txt */,
				A67255CD13E5AEE400787421 /* LICENSE_CocosDenshion.txt */,
				A67255D813E5AEE400787421 /* LICENSE_TouchJSON.txt */,
				A672560013E5AEE500787421 /* LICENSE_FontLabel.txt */,
				A67254C913E5AEE100787421 /* cocos2d */,
				A67255BF13E5AEE400787421 /* CocosDenshion */,
				A67255CE13E5AEE400787421 /* cocoslive */,
				A67255D913E5AEE400787421 /* TouchJSON */,
				A67255EF13E5AEE400787421 /* FontLabel */,
			);
			name = libs;
			sourceTree = "<group>";
		};
		A67254C913E5AEE100787421 /* cocos2d */ = {
			isa = PBXGroup;
			children = (
				A67254CA13E5AEE100787421 /* CCAction.h */,
				A67254CB13E5AEE100787421 /* CCAction.m */,
				A67254CD13E5AEE100787421 /* CCActionCamera.h */,
				A67254CE13E5AEE100787421 /* CCActionCamera.m */,
				A67254D013E5AEE100787421 /* CCActionEase.h */,
				A67254D113E5AEE100787421 /* CCActionEase.m */,
				A67254D313E5AEE200787421 /* CCActionGrid.h */,
				A67254D413E5AEE200787421 /* CCActionGrid.m */,
				A67254D613E5AEE200787421 /* CCActionGrid3D.h */,
				A67254D713E5AEE200787421 /* CCActionGrid3D.m */,
				A67254D913E5AEE200787421 /* CCActionInstant.h */,
				A67254DA13E5AEE200787421 /* CCActionInstant.m */,
				A67254DC13E5AEE200787421 /* CCActionInterval.h */,
				A67254DD13E5AEE200787421 /* CCActionInterval.m */,
				A67254DF13E5AEE200787421 /* CCActionManager.h */,
				A67254E013E5AEE200787421 /* CCActionManager.m */,
				A67254E213E5AEE200787421 /* CCActionPageTurn3D.h */,
				A67254E313E5AEE200787421 /* CCActionPageTurn3D.m */,
				A67254E513E5AEE200787421 /* CCActionProgressTimer.h */,
				A67254E613E5AEE200787421 /* CCActionProgressTimer.m */,
				A67254E813E5AEE200787421 /* CCActionTiledGrid.h */,
				A67254E913E5AEE200787421 /* CCActionTiledGrid.m */,
				A67254EB13E5AEE200787421 /* CCActionTween.h */,
				A67254EC13E5AEE200787421 /* CCActionTween.m */,
				A67254EE13E5AEE200787421 /* CCAnimation.h */,
				A67254EF13E5AEE200787421 /* CCAnimation.m */,
				A67254F113E5AEE200787421 /* CCAnimationCache.h */,
				A67254F213E5AEE200787421 /* CCAnimationCache.m */,
				A67254F413E5AEE200787421 /* CCAtlasNode.h */,
				A67254F513E5AEE200787421 /* CCAtlasNode.m */,
				A67254F713E5AEE200787421 /* CCBlockSupport.h */,
				A67254F813E5AEE200787421 /* CCBlockSupport.m */,
				A67254FA13E5AEE200787421 /* CCCamera.h */,
				A67254FB13E5AEE200787421 /* CCCamera.m */,
				A67254FD13E5AEE200787421 /* ccConfig.h */,
				A67254FE13E5AEE200787421 /* CCConfiguration.h */,
				A67254FF13E5AEE200787421 /* CCConfiguration.m */,
				A672550113E5AEE200787421 /* CCDirector.h */,
				A672550213E5AEE200787421 /* CCDirector.m */,
				A672550413E5AEE200787421 /* CCDrawingPrimitives.h */,
				A672550513E5AEE200787421 /* CCDrawingPrimitives.m */,
				A672550713E5AEE200787421 /* CCGrabber.h */,
				A672550813E5AEE200787421 /* CCGrabber.m */,
				A672550A13E5AEE200787421 /* CCGrid.h */,
				A672550B13E5AEE200787421 /* CCGrid.m */,
				A672550D13E5AEE200787421 /* CCLabelAtlas.h */,
				A672550E13E5AEE200787421 /* CCLabelAtlas.m */,
				A672551013E5AEE200787421 /* CCLabelBMFont.h */,
				A672551113E5AEE200787421 /* CCLabelBMFont.m */,
				A672551313E5AEE200787421 /* CCLabelTTF.h */,
				A672551413E5AEE200787421 /* CCLabelTTF.m */,
				A672551613E5AEE200787421 /* CCLayer.h */,
				A672551713E5AEE200787421 /* CCLayer.m */,
				A672551913E5AEE200787421 /* ccMacros.h */,
				A672551A13E5AEE200787421 /* CCMenu.h */,
				A672551B13E5AEE200787421 /* CCMenu.m */,
				A672551D13E5AEE200787421 /* CCMenuItem.h */,
				A672551E13E5AEE200787421 /* CCMenuItem.m */,
				A672552013E5AEE200787421 /* CCMotionStreak.h */,
				A672552113E5AEE200787421 /* CCMotionStreak.m */,
				A672552313E5AEE200787421 /* CCNode.h */,
				A672552413E5AEE200787421 /* CCNode.m */,
				A672552613E5AEE200787421 /* CCParallaxNode.h */,
				A672552713E5AEE200787421 /* CCParallaxNode.m */,
				A672552913E5AEE200787421 /* CCParticleExamples.h */,
				A672552A13E5AEE200787421 /* CCParticleExamples.m */,
				A672552C13E5AEE200787421 /* CCParticleSystem.h */,
				A672552D13E5AEE200787421 /* CCParticleSystem.m */,
				A672552F13E5AEE200787421 /* CCParticleSystemPoint.h */,
				A672553013E5AEE200787421 /* CCParticleSystemPoint.m */,
				A672553213E5AEE200787421 /* CCParticleSystemQuad.h */,
				A672553313E5AEE200787421 /* CCParticleSystemQuad.m */,
				A672553513E5AEE200787421 /* CCProgressTimer.h */,
				A672553613E5AEE200787421 /* CCProgressTimer.m */,
				A672553813E5AEE200787421 /* CCProtocols.h */,
				A672553913E5AEE200787421 /* CCRenderTexture.h */,
				A672553A13E5AEE200787421 /* CCRenderTexture.m */,
				A672553C13E5AEE300787421 /* CCRibbon.h */,
				A672553D13E5AEE300787421 /* CCRibbon.m */,
				A672553F13E5AEE300787421 /* CCScene.h */,
				A672554013E5AEE300787421 /* CCScene.m */,
				A672554213E5AEE300787421 /* CCScheduler.h */,
				A672554313E5AEE300787421 /* CCScheduler.m */,
				A672554513E5AEE300787421 /* CCSprite.h */,
				A672554613E5AEE300787421 /* CCSprite.m */,
				A672554813E5AEE300787421 /* CCSpriteBatchNode.h */,
				A672554913E5AEE300787421 /* CCSpriteBatchNode.m */,
				A672554B13E5AEE300787421 /* CCSpriteFrame.h */,
				A672554C13E5AEE300787421 /* CCSpriteFrame.m */,
				A672554E13E5AEE300787421 /* CCSpriteFrameCache.h */,
				A672554F13E5AEE300787421 /* CCSpriteFrameCache.m */,
				A672555113E5AEE300787421 /* CCTexture2D.h */,
				A672555213E5AEE300787421 /* CCTexture2D.m */,
				A672555413E5AEE300787421 /* CCTextureAtlas.h */,
				A672555513E5AEE300787421 /* CCTextureAtlas.m */,
				A672555713E5AEE300787421 /* CCTextureCache.h */,
				A672555813E5AEE300787421 /* CCTextureCache.m */,
				A672555A13E5AEE300787421 /* CCTexturePVR.h */,
				A672555B13E5AEE300787421 /* CCTexturePVR.m */,
				A672555D13E5AEE300787421 /* CCTileMapAtlas.h */,
				A672555E13E5AEE300787421 /* CCTileMapAtlas.m */,
				A672556013E5AEE300787421 /* CCTMXLayer.h */,
				A672556113E5AEE300787421 /* CCTMXLayer.m */,
				A672556313E5AEE300787421 /* CCTMXObjectGroup.h */,
				A672556413E5AEE300787421 /* CCTMXObjectGroup.m */,
				A672556613E5AEE300787421 /* CCTMXTiledMap.h */,
				A672556713E5AEE300787421 /* CCTMXTiledMap.m */,
				A672556913E5AEE300787421 /* CCTMXXMLParser.h */,
				A672556A13E5AEE300787421 /* CCTMXXMLParser.m */,
				A672556C13E5AEE300787421 /* CCTransition.h */,
				A672556D13E5AEE300787421 /* CCTransition.m */,
				A672556F13E5AEE300787421 /* CCTransitionPageTurn.h */,
				A672557013E5AEE300787421 /* CCTransitionPageTurn.m */,
				A672557213E5AEE300787421 /* CCTransitionRadial.h */,
				A672557313E5AEE300787421 /* CCTransitionRadial.m */,
				A672557513E5AEE300787421 /* ccTypes.h */,
				A672557613E5AEE300787421 /* cocos2d.h */,
				A672557713E5AEE300787421 /* cocos2d.m */,
				A672557913E5AEE300787421 /* Platforms */,
				A672559E13E5AEE300787421 /* Support */,
			);
			name = cocos2d;
			sourceTree = "<group>";
		};
		A672557913E5AEE300787421 /* Platforms */ = {
			isa = PBXGroup;
			children = (
				A672557A13E5AEE300787421 /* CCGL.h */,
				A672557B13E5AEE300787421 /* CCNS.h */,
				A672557C13E5AEE300787421 /* iOS */,
				A672559113E5AEE300787421 /* Mac */,
			);
			name = Platforms;
			sourceTree = "<group>";
		};
		A672557C13E5AEE300787421 /* iOS */ = {
			isa = PBXGroup;
			children = (
				A672557D13E5AEE300787421 /* CCDirectorIOS.h */,
				A672557E13E5AEE300787421 /* CCDirectorIOS.m */,
				A672558013E5AEE300787421 /* CCTouchDelegateProtocol.h */,
				A672558113E5AEE300787421 /* CCTouchDispatcher.h */,
				A672558213E5AEE300787421 /* CCTouchDispatcher.m */,
				A672558413E5AEE300787421 /* CCTouchHandler.h */,
				A672558513E5AEE300787421 /* CCTouchHandler.m */,
				A672558713E5AEE300787421 /* EAGLView.h */,
				A672558813E5AEE300787421 /* EAGLView.m */,
				A672558A13E5AEE300787421 /* ES1Renderer.h */,
				A672558B13E5AEE300787421 /* ES1Renderer.m */,
				A672558D13E5AEE300787421 /* ESRenderer.h */,
				A672558E13E5AEE300787421 /* glu.c */,
				A672559013E5AEE300787421 /* glu.h */,
			);
			name = iOS;
			sourceTree = "<group>";
		};
		A672559113E5AEE300787421 /* Mac */ = {
			isa = PBXGroup;
			children = (
				A672559213E5AEE300787421 /* CCDirectorMac.h */,
				A672559313E5AEE300787421 /* CCDirectorMac.m */,
				A672559513E5AEE300787421 /* CCEventDispatcher.h */,
				A672559613E5AEE300787421 /* CCEventDispatcher.m */,
				A672559813E5AEE300787421 /* MacGLView.h */,
				A672559913E5AEE300787421 /* MacGLView.m */,
				A672559B13E5AEE300787421 /* MacWindow.h */,
				A672559C13E5AEE300787421 /* MacWindow.m */,
			);
			name = Mac;
			sourceTree = "<group>";
		};
		A672559E13E5AEE300787421 /* Support */ = {
			isa = PBXGroup;
			children = (
				A672559F13E5AEE300787421 /* base64.c */,
				A67255A113E5AEE300787421 /* base64.h */,
				A67255A213E5AEE300787421 /* CCArray.h */,
				A67255A313E5AEE300787421 /* CCArray.m */,
				A67255A513E5AEE300787421 /* ccCArray.h */,
				A67255A613E5AEE300787421 /* CCFileUtils.h */,
				A67255A713E5AEE300787421 /* CCFileUtils.m */,
				A67255A913E5AEE300787421 /* CCProfiling.h */,
				A67255AA13E5AEE300787421 /* CCProfiling.m */,
				A67255AC13E5AEE300787421 /* ccUtils.c */,
				A67255AE13E5AEE300787421 /* ccUtils.h */,
				A67255AF13E5AEE300787421 /* CGPointExtension.h */,
				A67255B013E5AEE300787421 /* CGPointExtension.m */,
				A67255B213E5AEE400787421 /* OpenGL_Internal.h */,
				A67255B313E5AEE400787421 /* TGAlib.h */,
				A67255B413E5AEE400787421 /* TGAlib.m */,
				A67255B613E5AEE400787421 /* TransformUtils.h */,
				A67255B713E5AEE400787421 /* TransformUtils.m */,
				A67255B913E5AEE400787421 /* uthash.h */,
				A67255BA13E5AEE400787421 /* utlist.h */,
				A67255BB13E5AEE400787421 /* ZipUtils.h */,
				A67255BC13E5AEE400787421 /* ZipUtils.m */,
			);
			name = Support;
			sourceTree = "<group>";
		};
		A67255BF13E5AEE400787421 /* CocosDenshion */ = {
			isa = PBXGroup;
			children = (
				A67255C013E5AEE400787421 /* CDAudioManager.h */,
				A67255C113E5AEE400787421 /* CDAudioManager.m */,
				A67255C313E5AEE400787421 /* CDConfig.h */,
				A67255C413E5AEE400787421 /* CDOpenALSupport.h */,
				A67255C513E5AEE400787421 /* CDOpenALSupport.m */,
				A67255C713E5AEE400787421 /* CocosDenshion.h */,
				A67255C813E5AEE400787421 /* CocosDenshion.m */,
				A67255CA13E5AEE400787421 /* SimpleAudioEngine.h */,
				A67255CB13E5AEE400787421 /* SimpleAudioEngine.m */,
			);
			name = CocosDenshion;
			sourceTree = "<group>";
		};
		A67255CE13E5AEE400787421 /* cocoslive */ = {
			isa = PBXGroup;
			children = (
				A67255CF13E5AEE400787421 /* CLScoreServerPost.h */,
				A67255D013E5AEE400787421 /* CLScoreServerPost.m */,
				A67255D213E5AEE400787421 /* CLScoreServerRequest.h */,
				A67255D313E5AEE400787421 /* CLScoreServerRequest.m */,
				A67255D513E5AEE400787421 /* cocoslive.h */,
				A67255D613E5AEE400787421 /* cocoslive.m */,
			);
			name = cocoslive;
			sourceTree = "<group>";
		};
		A67255D913E5AEE400787421 /* TouchJSON */ = {
			isa = PBXGroup;
			children = (
				A67255DA13E5AEE400787421 /* CDataScanner.h */,
				A67255DB13E5AEE400787421 /* CDataScanner.m */,
				A67255DD13E5AEE400787421 /* Extensions */,
				A67255E413E5AEE400787421 /* JSON */,
			);
			name = TouchJSON;
			sourceTree = "<group>";
		};
		A67255DD13E5AEE400787421 /* Extensions */ = {
			isa = PBXGroup;
			children = (
				A67255DE13E5AEE400787421 /* CDataScanner_Extensions.h */,
				A67255DF13E5AEE400787421 /* CDataScanner_Extensions.m */,
				A67255E113E5AEE400787421 /* NSDictionary_JSONExtensions.h */,
				A67255E213E5AEE400787421 /* NSDictionary_JSONExtensions.m */,
			);
			name = Extensions;
			sourceTree = "<group>";
		};
		A67255E413E5AEE400787421 /* JSON */ = {
			isa = PBXGroup;
			children = (
				A67255E513E5AEE400787421 /* CJSONDeserializer.h */,
				A67255E613E5AEE400787421 /* CJSONDeserializer.m */,
				A67255E813E5AEE400787421 /* CJSONScanner.h */,
				A67255E913E5AEE400787421 /* CJSONScanner.m */,
				A67255EB13E5AEE400787421 /* CJSONSerializer.h */,
				A67255EC13E5AEE400787421 /* CJSONSerializer.m */,
				A67255EE13E5AEE400787421 /* JSONRepresentation.h */,
			);
			name = JSON;
			sourceTree = "<group>";
		};
		A67255EF13E5AEE400787421 /* FontLabel */ = {
			isa = PBXGroup;
			children = (
				A67255F013E5AEE400787421 /* FontLabel.h */,
				A67255F113E5AEE400787421 /* FontLabel.m */,
				A67255F313E5AEE400787421 /* FontLabelStringDrawing.h */,
				A67255F413E5AEE400787421 /* FontLabelStringDrawing.m */,
				A67255F613E5AEE400787421 /* FontManager.h */,
				A67255F713E5AEE400787421 /* FontManager.m */,
				A67255F913E5AEE400787421 /* ZAttributedString.h */,
				A67255FA13E5AEE500787421 /* ZAttributedString.m */,
				A67255FC13E5AEE500787421 /* ZAttributedStringPrivate.h */,
				A67255FD13E5AEE500787421 /* ZFont.h */,
				A67255FE13E5AEE500787421 /* ZFont.m */,
			);
			name = FontLabel;
			sourceTree = "<group>";
		};
		A672560113E5AEE500787421 /* Supporting Files */ = {
			isa = PBXGroup;
			children = (
				A672560213E5AEE500787421 /* Prefix.pch */,
				A672560313E5AEE500787421 /* main.m */,
			);
			name = "Supporting Files";
			sourceTree = "<group>";
		};
/* End PBXGroup section */

/* Begin PBXNativeTarget section */
		A672549E13E5AEE100787421 /* CCPanZoomController */ = {
			isa = PBXNativeTarget;
			buildConfigurationList = A672561113E5AEE500787421 /* Build configuration list for PBXNativeTarget "CCPanZoomController" */;
			buildPhases = (
				A672549B13E5AEE100787421 /* Sources */,
				A672549C13E5AEE100787421 /* Frameworks */,
				A672549D13E5AEE100787421 /* Resources */,
			);
			buildRules = (
			);
			dependencies = (
			);
			name = CCPanZoomController;
			productName = CCPanZoomController;
			productReference = A672549F13E5AEE100787421 /* CCPanZoomController.app */;
			productType = "com.apple.product-type.application";
		};
/* End PBXNativeTarget section */

/* Begin PBXProject section */
		A672549613E5AEDF00787421 /* Project object */ = {
			isa = PBXProject;
			attributes = {
				LastUpgradeCheck = 0420;
				ORGANIZATIONNAME = "Mobile Bros";
			};
			buildConfigurationList = A672549913E5AEDF00787421 /* Build configuration list for PBXProject "CCPanZoomController" */;
			compatibilityVersion = "Xcode 3.2";
			developmentRegion = English;
			hasScannedForEncodings = 0;
			knownRegions = (
				en,
			);
			mainGroup = A672549413E5AEDF00787421;
			productRefGroup = A67254A013E5AEE100787421 /* Products */;
			projectDirPath = "";
			projectRoot = "";
			targets = (
				A672549E13E5AEE100787421 /* CCPanZoomController */,
			);
		};
/* End PBXProject section */

/* Begin PBXResourcesBuildPhase section */
		A672549D13E5AEE100787421 /* Resources */ = {
			isa = PBXResourcesBuildPhase;
			buildActionMask = 2147483647;
			files = (
				A67254B613E5AEE100787421 /* Default.png in Resources */,
				A67254B813E5AEE100787421 /* fps_images.png in Resources */,
				A67254BA13E5AEE100787421 /* Icon-72.png in Resources */,
				A67254BC13E5AEE100787421 /* Icon-Small-50.png in Resources */,
				A67254BE13E5AEE100787421 /* Icon-Small.png in Resources */,
				A67254C013E5AEE100787421 /* Icon-Small@2x.png in Resources */,
				A67254C213E5AEE100787421 /* Icon.png in Resources */,
				A67254C413E5AEE100787421 /* Icon@2x.png in Resources */,
				A67254C713E5AEE100787421 /* iTunesArtwork in Resources */,
				A672561513E5AF4C00787421 /* background.png in Resources */,
				A672562813E78D4300787421 /* background-hd.png in Resources */,
			);
			runOnlyForDeploymentPostprocessing = 0;
		};
/* End PBXResourcesBuildPhase section */

/* Begin PBXSourcesBuildPhase section */
		A672549B13E5AEE100787421 /* Sources */ = {
			isa = PBXSourcesBuildPhase;
			buildActionMask = 2147483647;
			files = (
				A67254CC13E5AEE100787421 /* CCAction.m in Sources */,
				A67254CF13E5AEE100787421 /* CCActionCamera.m in Sources */,
				A67254D213E5AEE200787421 /* CCActionEase.m in Sources */,
				A67254D513E5AEE200787421 /* CCActionGrid.m in Sources */,
				A67254D813E5AEE200787421 /* CCActionGrid3D.m in Sources */,
				A67254DB13E5AEE200787421 /* CCActionInstant.m in Sources */,
				A67254DE13E5AEE200787421 /* CCActionInterval.m in Sources */,
				A67254E113E5AEE200787421 /* CCActionManager.m in Sources */,
				A67254E413E5AEE200787421 /* CCActionPageTurn3D.m in Sources */,
				A67254E713E5AEE200787421 /* CCActionProgressTimer.m in Sources */,
				A67254EA13E5AEE200787421 /* CCActionTiledGrid.m in Sources */,
				A67254ED13E5AEE200787421 /* CCActionTween.m in Sources */,
				A67254F013E5AEE200787421 /* CCAnimation.m in Sources */,
				A67254F313E5AEE200787421 /* CCAnimationCache.m in Sources */,
				A67254F613E5AEE200787421 /* CCAtlasNode.m in Sources */,
				A67254F913E5AEE200787421 /* CCBlockSupport.m in Sources */,
				A67254FC13E5AEE200787421 /* CCCamera.m in Sources */,
				A672550013E5AEE200787421 /* CCConfiguration.m in Sources */,
				A672550313E5AEE200787421 /* CCDirector.m in Sources */,
				A672550613E5AEE200787421 /* CCDrawingPrimitives.m in Sources */,
				A672550913E5AEE200787421 /* CCGrabber.m in Sources */,
				A672550C13E5AEE200787421 /* CCGrid.m in Sources */,
				A672550F13E5AEE200787421 /* CCLabelAtlas.m in Sources */,
				A672551213E5AEE200787421 /* CCLabelBMFont.m in Sources */,
				A672551513E5AEE200787421 /* CCLabelTTF.m in Sources */,
				A672551813E5AEE200787421 /* CCLayer.m in Sources */,
				A672551C13E5AEE200787421 /* CCMenu.m in Sources */,
				A672551F13E5AEE200787421 /* CCMenuItem.m in Sources */,
				A672552213E5AEE200787421 /* CCMotionStreak.m in Sources */,
				A672552513E5AEE200787421 /* CCNode.m in Sources */,
				A672552813E5AEE200787421 /* CCParallaxNode.m in Sources */,
				A672552B13E5AEE200787421 /* CCParticleExamples.m in Sources */,
				A672552E13E5AEE200787421 /* CCParticleSystem.m in Sources */,
				A672553113E5AEE200787421 /* CCParticleSystemPoint.m in Sources */,
				A672553413E5AEE200787421 /* CCParticleSystemQuad.m in Sources */,
				A672553713E5AEE200787421 /* CCProgressTimer.m in Sources */,
				A672553B13E5AEE200787421 /* CCRenderTexture.m in Sources */,
				A672553E13E5AEE300787421 /* CCRibbon.m in Sources */,
				A672554113E5AEE300787421 /* CCScene.m in Sources */,
				A672554413E5AEE300787421 /* CCScheduler.m in Sources */,
				A672554713E5AEE300787421 /* CCSprite.m in Sources */,
				A672554A13E5AEE300787421 /* CCSpriteBatchNode.m in Sources */,
				A672554D13E5AEE300787421 /* CCSpriteFrame.m in Sources */,
				A672555013E5AEE300787421 /* CCSpriteFrameCache.m in Sources */,
				A672555313E5AEE300787421 /* CCTexture2D.m in Sources */,
				A672555613E5AEE300787421 /* CCTextureAtlas.m in Sources */,
				A672555913E5AEE300787421 /* CCTextureCache.m in Sources */,
				A672555C13E5AEE300787421 /* CCTexturePVR.m in Sources */,
				A672555F13E5AEE300787421 /* CCTileMapAtlas.m in Sources */,
				A672556213E5AEE300787421 /* CCTMXLayer.m in Sources */,
				A672556513E5AEE300787421 /* CCTMXObjectGroup.m in Sources */,
				A672556813E5AEE300787421 /* CCTMXTiledMap.m in Sources */,
				A672556B13E5AEE300787421 /* CCTMXXMLParser.m in Sources */,
				A672556E13E5AEE300787421 /* CCTransition.m in Sources */,
				A672557113E5AEE300787421 /* CCTransitionPageTurn.m in Sources */,
				A672557413E5AEE300787421 /* CCTransitionRadial.m in Sources */,
				A672557813E5AEE300787421 /* cocos2d.m in Sources */,
				A672557F13E5AEE300787421 /* CCDirectorIOS.m in Sources */,
				A672558313E5AEE300787421 /* CCTouchDispatcher.m in Sources */,
				A672558613E5AEE300787421 /* CCTouchHandler.m in Sources */,
				A672558913E5AEE300787421 /* EAGLView.m in Sources */,
				A672558C13E5AEE300787421 /* ES1Renderer.m in Sources */,
				A672558F13E5AEE300787421 /* glu.c in Sources */,
				A672559413E5AEE300787421 /* CCDirectorMac.m in Sources */,
				A672559713E5AEE300787421 /* CCEventDispatcher.m in Sources */,
				A672559A13E5AEE300787421 /* MacGLView.m in Sources */,
				A672559D13E5AEE300787421 /* MacWindow.m in Sources */,
				A67255A013E5AEE300787421 /* base64.c in Sources */,
				A67255A413E5AEE300787421 /* CCArray.m in Sources */,
				A67255A813E5AEE300787421 /* CCFileUtils.m in Sources */,
				A67255AB13E5AEE300787421 /* CCProfiling.m in Sources */,
				A67255AD13E5AEE300787421 /* ccUtils.c in Sources */,
				A67255B113E5AEE300787421 /* CGPointExtension.m in Sources */,
				A67255B513E5AEE400787421 /* TGAlib.m in Sources */,
				A67255B813E5AEE400787421 /* TransformUtils.m in Sources */,
				A67255BD13E5AEE400787421 /* ZipUtils.m in Sources */,
				A67255C213E5AEE400787421 /* CDAudioManager.m in Sources */,
				A67255C613E5AEE400787421 /* CDOpenALSupport.m in Sources */,
				A67255C913E5AEE400787421 /* CocosDenshion.m in Sources */,
				A67255CC13E5AEE400787421 /* SimpleAudioEngine.m in Sources */,
				A67255D113E5AEE400787421 /* CLScoreServerPost.m in Sources */,
				A67255D413E5AEE400787421 /* CLScoreServerRequest.m in Sources */,
				A67255D713E5AEE400787421 /* cocoslive.m in Sources */,
				A67255DC13E5AEE400787421 /* CDataScanner.m in Sources */,
				A67255E013E5AEE400787421 /* CDataScanner_Extensions.m in Sources */,
				A67255E313E5AEE400787421 /* NSDictionary_JSONExtensions.m in Sources */,
				A67255E713E5AEE400787421 /* CJSONDeserializer.m in Sources */,
				A67255EA13E5AEE400787421 /* CJSONScanner.m in Sources */,
				A67255ED13E5AEE400787421 /* CJSONSerializer.m in Sources */,
				A67255F213E5AEE400787421 /* FontLabel.m in Sources */,
				A67255F513E5AEE400787421 /* FontLabelStringDrawing.m in Sources */,
				A67255F813E5AEE400787421 /* FontManager.m in Sources */,
				A67255FB13E5AEE500787421 /* ZAttributedString.m in Sources */,
				A67255FF13E5AEE500787421 /* ZFont.m in Sources */,
				A672560413E5AEE500787421 /* main.m in Sources */,
				A672560713E5AEE500787421 /* AppDelegate.m in Sources */,
				A672560A13E5AEE500787421 /* RootViewController.m in Sources */,
				A672560D13E5AEE500787421 /* HelloWorldLayer.m in Sources */,
				A672561813E5AFB300787421 /* CCPanZoomController.m in Sources */,
			);
			runOnlyForDeploymentPostprocessing = 0;
		};
/* End PBXSourcesBuildPhase section */

/* Begin XCBuildConfiguration section */
		A672560F13E5AEE500787421 /* Debug */ = {
			isa = XCBuildConfiguration;
			buildSettings = {
				ARCHS = "$(ARCHS_STANDARD_32_BIT)";
				"CODE_SIGN_IDENTITY[sdk=iphoneos*]" = "iPhone Developer";
				GCC_C_LANGUAGE_STANDARD = gnu99;
				GCC_OPTIMIZATION_LEVEL = 0;
				GCC_PREPROCESSOR_DEFINITIONS = (
					DEBUG,
					"COCOS2D_DEBUG=1",
				);
				GCC_SYMBOLS_PRIVATE_EXTERN = NO;
				GCC_VERSION = com.apple.compilers.llvmgcc42;
				GCC_WARN_ABOUT_RETURN_TYPE = YES;
				GCC_WARN_UNUSED_VARIABLE = YES;
				IPHONEOS_DEPLOYMENT_TARGET = 4.3;
				SDKROOT = iphoneos;
			};
			name = Debug;
		};
		A672561013E5AEE500787421 /* Release */ = {
			isa = XCBuildConfiguration;
			buildSettings = {
				ARCHS = "$(ARCHS_STANDARD_32_BIT)";
				"CODE_SIGN_IDENTITY[sdk=iphoneos*]" = "iPhone Developer";
				GCC_C_LANGUAGE_STANDARD = gnu99;
				GCC_PREPROCESSOR_DEFINITIONS = NDEBUG;
				GCC_VERSION = com.apple.compilers.llvmgcc42;
				GCC_WARN_ABOUT_RETURN_TYPE = YES;
				GCC_WARN_UNUSED_VARIABLE = YES;
				IPHONEOS_DEPLOYMENT_TARGET = 4.3;
				OTHER_CFLAGS = "-DNS_BLOCK_ASSERTIONS=1";
				SDKROOT = iphoneos;
			};
			name = Release;
		};
		A672561213E5AEE500787421 /* Debug */ = {
			isa = XCBuildConfiguration;
			buildSettings = {
				ALWAYS_SEARCH_USER_PATHS = NO;
				CODE_SIGN_IDENTITY = "iPhone Developer: Robert Blackwood (56CK7E4P8A)";
				COPY_PHASE_STRIP = NO;
				GCC_DYNAMIC_NO_PIC = NO;
				GCC_PRECOMPILE_PREFIX_HEADER = YES;
				GCC_PREFIX_HEADER = CCPanZoomController/Prefix.pch;
				"GCC_THUMB_SUPPORT[arch=armv6]" = "";
				GCC_VERSION = com.apple.compilers.llvm.clang.1_0;
				INFOPLIST_FILE = CCPanZoomController/Resources/Info.plist;
				OTHER_LDFLAGS = "-lz";
				PRODUCT_NAME = "$(TARGET_NAME)";
				PROVISIONING_PROFILE = "BB03F03E-EEFC-4B56-B9C2-C65AA1D016D7";
				WRAPPER_EXTENSION = app;
			};
			name = Debug;
		};
		A672561313E5AEE500787421 /* Release */ = {
			isa = XCBuildConfiguration;
			buildSettings = {
				ALWAYS_SEARCH_USER_PATHS = NO;
				CODE_SIGN_IDENTITY = "iPhone Developer: Robert Blackwood (56CK7E4P8A)";
				COPY_PHASE_STRIP = YES;
				GCC_PRECOMPILE_PREFIX_HEADER = YES;
				GCC_PREFIX_HEADER = CCPanZoomController/Prefix.pch;
				"GCC_THUMB_SUPPORT[arch=armv6]" = "";
				GCC_VERSION = com.apple.compilers.llvm.clang.1_0;
				INFOPLIST_FILE = CCPanZoomController/Resources/Info.plist;
				OTHER_LDFLAGS = "-lz";
				PRODUCT_NAME = "$(TARGET_NAME)";
				PROVISIONING_PROFILE = "BB03F03E-EEFC-4B56-B9C2-C65AA1D016D7";
				VALIDATE_PRODUCT = YES;
				WRAPPER_EXTENSION = app;
			};
			name = Release;
		};
/* End XCBuildConfiguration section */

/* Begin XCConfigurationList section */
		A672549913E5AEDF00787421 /* Build configuration list for PBXProject "CCPanZoomController" */ = {
			isa = XCConfigurationList;
			buildConfigurations = (
				A672560F13E5AEE500787421 /* Debug */,
				A672561013E5AEE500787421 /* Release */,
			);
			defaultConfigurationIsVisible = 0;
			defaultConfigurationName = Release;
		};
		A672561113E5AEE500787421 /* Build configuration list for PBXNativeTarget "CCPanZoomController" */ = {
			isa = XCConfigurationList;
			buildConfigurations = (
				A672561213E5AEE500787421 /* Debug */,
				A672561313E5AEE500787421 /* Release */,
			);
			defaultConfigurationIsVisible = 0;
			defaultConfigurationName = Release;
		};
/* End XCConfigurationList section */
	};
	rootObject = A672549613E5AEDF00787421 /* Project object */;
}
